// !$*UTF8*$!
{
	archiveVersion = 1;
	classes = {
	};
	objectVersion = 46;
	objects = {

/* Begin PBXBuildFile section */
		6F42D4981E97910E00C0B68B /* main.m in Sources */ = {isa = PBXBuildFile; fileRef = 6F42D4971E97910E00C0B68B /* main.m */; };
		6F42D49B1E97910E00C0B68B /* AppDelegate.m in Sources */ = {isa = PBXBuildFile; fileRef = 6F42D49A1E97910E00C0B68B /* AppDelegate.m */; };
		6F42D49E1E97910E00C0B68B /* ViewController.m in Sources */ = {isa = PBXBuildFile; fileRef = 6F42D49D1E97910E00C0B68B /* ViewController.m */; };
		6F42D4A11E97910E00C0B68B /* Main.storyboard in Resources */ = {isa = PBXBuildFile; fileRef = 6F42D49F1E97910E00C0B68B /* Main.storyboard */; };
		6F42D4A31E97910E00C0B68B /* Assets.xcassets in Resources */ = {isa = PBXBuildFile; fileRef = 6F42D4A21E97910E00C0B68B /* Assets.xcassets */; };
		6F42D4A61E97910E00C0B68B /* LaunchScreen.storyboard in Resources */ = {isa = PBXBuildFile; fileRef = 6F42D4A41E97910E00C0B68B /* LaunchScreen.storyboard */; };
		6F42D4C91E9791B100C0B68B /* libiconv.tbd in Frameworks */ = {isa = PBXBuildFile; fileRef = 6F42D4C81E9791B100C0B68B /* libiconv.tbd */; };
		6FBADBD91EA8560C005EC362 /* spnego_asn1.c in Sources */ = {isa = PBXBuildFile; fileRef = 6FBADB7B1EA8560C005EC362 /* spnego_asn1.c */; };
		6FBADBDA1EA8560C005EC362 /* smbBuffer.m in Sources */ = {isa = PBXBuildFile; fileRef = 6FBADB801EA8560C005EC362 /* smbBuffer.m */; };
		6FBADBDB1EA8560C005EC362 /* smbDir.m in Sources */ = {isa = PBXBuildFile; fileRef = 6FBADB831EA8560C005EC362 /* smbDir.m */; };
		6FBADBDC1EA8560C005EC362 /* smbFd.m in Sources */ = {isa = PBXBuildFile; fileRef = 6FBADB861EA8560C005EC362 /* smbFd.m */; };
		6FBADBDD1EA8560C005EC362 /* smbFile.m in Sources */ = {isa = PBXBuildFile; fileRef = 6FBADB891EA8560C005EC362 /* smbFile.m */; };
		6FBADBDE1EA8560C005EC362 /* smbMessage.m in Sources */ = {isa = PBXBuildFile; fileRef = 6FBADB8C1EA8560C005EC362 /* smbMessage.m */; };
		6FBADBDF1EA8560C005EC362 /* smbNTLM.m in Sources */ = {isa = PBXBuildFile; fileRef = 6FBADB8F1EA8560C005EC362 /* smbNTLM.m */; };
		6FBADBE01EA8560C005EC362 /* smbSession.m in Sources */ = {isa = PBXBuildFile; fileRef = 6FBADB921EA8560C005EC362 /* smbSession.m */; };
		6FBADBE11EA8560C005EC362 /* smbSessionMsg.m in Sources */ = {isa = PBXBuildFile; fileRef = 6FBADB951EA8560C005EC362 /* smbSessionMsg.m */; };
		6FBADBE21EA8560C005EC362 /* smbShare.m in Sources */ = {isa = PBXBuildFile; fileRef = 6FBADB981EA8560C005EC362 /* smbShare.m */; };
		6FBADBE31EA8560C005EC362 /* smbSpnego.m in Sources */ = {isa = PBXBuildFile; fileRef = 6FBADB9B1EA8560C005EC362 /* smbSpnego.m */; };
		6FBADBE41EA8560C005EC362 /* smbStat.m in Sources */ = {isa = PBXBuildFile; fileRef = 6FBADB9E1EA8560C005EC362 /* smbStat.m */; };
		6FBADBE51EA8560C005EC362 /* smbTransport.m in Sources */ = {isa = PBXBuildFile; fileRef = 6FBADBA11EA8560C005EC362 /* smbTransport.m */; };
		6FBADBE61EA8560C005EC362 /* smbUtils.m in Sources */ = {isa = PBXBuildFile; fileRef = 6FBADBA41EA8560C005EC362 /* smbUtils.m */; };
		6FBADBE71EA8560C005EC362 /* rc4.m in Sources */ = {isa = PBXBuildFile; fileRef = 6FBADBA71EA8560C005EC362 /* rc4.m */; };
		6FBADBE81EA8560C005EC362 /* netbiosNS.m in Sources */ = {isa = PBXBuildFile; fileRef = 6FBADBAB1EA8560C005EC362 /* netbiosNS.m */; };
		6FBADBE91EA8560C005EC362 /* netbiosQuery.m in Sources */ = {isa = PBXBuildFile; fileRef = 6FBADBAE1EA8560C005EC362 /* netbiosQuery.m */; };
		6FBADBEA1EA8560C005EC362 /* netbiosSession.m in Sources */ = {isa = PBXBuildFile; fileRef = 6FBADBB11EA8560C005EC362 /* netbiosSession.m */; };
		6FBADBEB1EA8560C005EC362 /* netbiosUtils.m in Sources */ = {isa = PBXBuildFile; fileRef = 6FBADBB41EA8560C005EC362 /* netbiosUtils.m */; };
		6FBADBEC1EA8560C005EC362 /* md4.m in Sources */ = {isa = PBXBuildFile; fileRef = 6FBADBB81EA8560C005EC362 /* md4.m */; };
		6FBADBED1EA8560C005EC362 /* md5.m in Sources */ = {isa = PBXBuildFile; fileRef = 6FBADBBB1EA8560C005EC362 /* md5.m */; };
		6FBADBEE1EA8560C005EC362 /* hmacMd5.m in Sources */ = {isa = PBXBuildFile; fileRef = 6FBADBBE1EA8560C005EC362 /* hmacMd5.m */; };
		6FBADBEF1EA8560C005EC362 /* compat.c in Sources */ = {isa = PBXBuildFile; fileRef = 6FBADBD71EA8560C005EC362 /* compat.c */; };
		765975F71E9D2A9C0089DAB1 /* libtasn1-iOS.a in Frameworks */ = {isa = PBXBuildFile; fileRef = 765975F61E9D2A9C0089DAB1 /* libtasn1-iOS.a */; };
/* End PBXBuildFile section */

/* Begin PBXFileReference section */
		6F42D4931E97910E00C0B68B /* libdsm.app */ = {isa = PBXFileReference; explicitFileType = wrapper.application; includeInIndex = 0; path = libdsm.app; sourceTree = BUILT_PRODUCTS_DIR; };
		6F42D4971E97910E00C0B68B /* main.m */ = {isa = PBXFileReference; lastKnownFileType = sourcecode.c.objc; path = main.m; sourceTree = "<group>"; };
		6F42D4991E97910E00C0B68B /* AppDelegate.h */ = {isa = PBXFileReference; lastKnownFileType = sourcecode.c.h; path = AppDelegate.h; sourceTree = "<group>"; };
		6F42D49A1E97910E00C0B68B /* AppDelegate.m */ = {isa = PBXFileReference; lastKnownFileType = sourcecode.c.objc; path = AppDelegate.m; sourceTree = "<group>"; };
		6F42D49C1E97910E00C0B68B /* ViewController.h */ = {isa = PBXFileReference; lastKnownFileType = sourcecode.c.h; path = ViewController.h; sourceTree = "<group>"; };
		6F42D49D1E97910E00C0B68B /* ViewController.m */ = {isa = PBXFileReference; lastKnownFileType = sourcecode.c.objc; path = ViewController.m; sourceTree = "<group>"; };
		6F42D4A01E97910E00C0B68B /* Base */ = {isa = PBXFileReference; lastKnownFileType = file.storyboard; name = Base; path = Base.lproj/Main.storyboard; sourceTree = "<group>"; };
		6F42D4A21E97910E00C0B68B /* Assets.xcassets */ = {isa = PBXFileReference; lastKnownFileType = folder.assetcatalog; path = Assets.xcassets; sourceTree = "<group>"; };
		6F42D4A51E97910E00C0B68B /* Base */ = {isa = PBXFileReference; lastKnownFileType = file.storyboard; name = Base; path = Base.lproj/LaunchScreen.storyboard; sourceTree = "<group>"; };
		6F42D4A71E97910E00C0B68B /* Info.plist */ = {isa = PBXFileReference; lastKnownFileType = text.plist.xml; path = Info.plist; sourceTree = "<group>"; };
		6F42D4C81E9791B100C0B68B /* libiconv.tbd */ = {isa = PBXFileReference; lastKnownFileType = "sourcecode.text-based-dylib-definition"; name = libiconv.tbd; path = usr/lib/libiconv.tbd; sourceTree = SDKROOT; };
		6FBADB7B1EA8560C005EC362 /* spnego_asn1.c */ = {isa = PBXFileReference; fileEncoding = 4; lastKnownFileType = sourcecode.c.c; path = spnego_asn1.c; sourceTree = "<group>"; };
		6FBADB7C1EA8560C005EC362 /* spnego_asn1.h */ = {isa = PBXFileReference; fileEncoding = 4; lastKnownFileType = sourcecode.c.h; path = spnego_asn1.h; sourceTree = "<group>"; };
		6FBADB7F1EA8560C005EC362 /* smbBuffer.h */ = {isa = PBXFileReference; fileEncoding = 4; lastKnownFileType = sourcecode.c.h; path = smbBuffer.h; sourceTree = "<group>"; };
		6FBADB801EA8560C005EC362 /* smbBuffer.m */ = {isa = PBXFileReference; fileEncoding = 4; lastKnownFileType = sourcecode.c.objc; path = smbBuffer.m; sourceTree = "<group>"; };
		6FBADB821EA8560C005EC362 /* smbDir.h */ = {isa = PBXFileReference; fileEncoding = 4; lastKnownFileType = sourcecode.c.h; path = smbDir.h; sourceTree = "<group>"; };
		6FBADB831EA8560C005EC362 /* smbDir.m */ = {isa = PBXFileReference; fileEncoding = 4; lastKnownFileType = sourcecode.c.objc; path = smbDir.m; sourceTree = "<group>"; };
		6FBADB851EA8560C005EC362 /* smbFd.h */ = {isa = PBXFileReference; fileEncoding = 4; lastKnownFileType = sourcecode.c.h; path = smbFd.h; sourceTree = "<group>"; };
		6FBADB861EA8560C005EC362 /* smbFd.m */ = {isa = PBXFileReference; fileEncoding = 4; lastKnownFileType = sourcecode.c.objc; path = smbFd.m; sourceTree = "<group>"; };
		6FBADB881EA8560C005EC362 /* smbFile.h */ = {isa = PBXFileReference; fileEncoding = 4; lastKnownFileType = sourcecode.c.h; path = smbFile.h; sourceTree = "<group>"; };
		6FBADB891EA8560C005EC362 /* smbFile.m */ = {isa = PBXFileReference; fileEncoding = 4; lastKnownFileType = sourcecode.c.objc; path = smbFile.m; sourceTree = "<group>"; };
		6FBADB8B1EA8560C005EC362 /* smbMessage.h */ = {isa = PBXFileReference; fileEncoding = 4; lastKnownFileType = sourcecode.c.h; path = smbMessage.h; sourceTree = "<group>"; };
		6FBADB8C1EA8560C005EC362 /* smbMessage.m */ = {isa = PBXFileReference; fileEncoding = 4; lastKnownFileType = sourcecode.c.objc; path = smbMessage.m; sourceTree = "<group>"; };
		6FBADB8E1EA8560C005EC362 /* smbNTLM.h */ = {isa = PBXFileReference; fileEncoding = 4; lastKnownFileType = sourcecode.c.h; path = smbNTLM.h; sourceTree = "<group>"; };
		6FBADB8F1EA8560C005EC362 /* smbNTLM.m */ = {isa = PBXFileReference; fileEncoding = 4; lastKnownFileType = sourcecode.c.objc; path = smbNTLM.m; sourceTree = "<group>"; };
		6FBADB911EA8560C005EC362 /* smbSession.h */ = {isa = PBXFileReference; fileEncoding = 4; lastKnownFileType = sourcecode.c.h; path = smbSession.h; sourceTree = "<group>"; };
		6FBADB921EA8560C005EC362 /* smbSession.m */ = {isa = PBXFileReference; fileEncoding = 4; lastKnownFileType = sourcecode.c.objc; path = smbSession.m; sourceTree = "<group>"; };
		6FBADB941EA8560C005EC362 /* smbSessionMsg.h */ = {isa = PBXFileReference; fileEncoding = 4; lastKnownFileType = sourcecode.c.h; path = smbSessionMsg.h; sourceTree = "<group>"; };
		6FBADB951EA8560C005EC362 /* smbSessionMsg.m */ = {isa = PBXFileReference; fileEncoding = 4; lastKnownFileType = sourcecode.c.objc; path = smbSessionMsg.m; sourceTree = "<group>"; };
		6FBADB971EA8560C005EC362 /* smbShare.h */ = {isa = PBXFileReference; fileEncoding = 4; lastKnownFileType = sourcecode.c.h; path = smbShare.h; sourceTree = "<group>"; };
		6FBADB981EA8560C005EC362 /* smbShare.m */ = {isa = PBXFileReference; fileEncoding = 4; lastKnownFileType = sourcecode.c.objc; path = smbShare.m; sourceTree = "<group>"; };
		6FBADB9A1EA8560C005EC362 /* smbSpnego.h */ = {isa = PBXFileReference; fileEncoding = 4; lastKnownFileType = sourcecode.c.h; path = smbSpnego.h; sourceTree = "<group>"; };
		6FBADB9B1EA8560C005EC362 /* smbSpnego.m */ = {isa = PBXFileReference; fileEncoding = 4; lastKnownFileType = sourcecode.c.objc; path = smbSpnego.m; sourceTree = "<group>"; };
		6FBADB9D1EA8560C005EC362 /* smbStat.h */ = {isa = PBXFileReference; fileEncoding = 4; lastKnownFileType = sourcecode.c.h; path = smbStat.h; sourceTree = "<group>"; };
		6FBADB9E1EA8560C005EC362 /* smbStat.m */ = {isa = PBXFileReference; fileEncoding = 4; lastKnownFileType = sourcecode.c.objc; path = smbStat.m; sourceTree = "<group>"; };
		6FBADBA01EA8560C005EC362 /* smbTransport.h */ = {isa = PBXFileReference; fileEncoding = 4; lastKnownFileType = sourcecode.c.h; path = smbTransport.h; sourceTree = "<group>"; };
		6FBADBA11EA8560C005EC362 /* smbTransport.m */ = {isa = PBXFileReference; fileEncoding = 4; lastKnownFileType = sourcecode.c.objc; path = smbTransport.m; sourceTree = "<group>"; };
		6FBADBA31EA8560C005EC362 /* smbUtils.h */ = {isa = PBXFileReference; fileEncoding = 4; lastKnownFileType = sourcecode.c.h; path = smbUtils.h; sourceTree = "<group>"; };
		6FBADBA41EA8560C005EC362 /* smbUtils.m */ = {isa = PBXFileReference; fileEncoding = 4; lastKnownFileType = sourcecode.c.objc; path = smbUtils.m; sourceTree = "<group>"; };
		6FBADBA61EA8560C005EC362 /* rc4.h */ = {isa = PBXFileReference; fileEncoding = 4; lastKnownFileType = sourcecode.c.h; path = rc4.h; sourceTree = "<group>"; };
		6FBADBA71EA8560C005EC362 /* rc4.m */ = {isa = PBXFileReference; fileEncoding = 4; lastKnownFileType = sourcecode.c.objc; path = rc4.m; sourceTree = "<group>"; };
		6FBADBAA1EA8560C005EC362 /* netbiosNS.h */ = {isa = PBXFileReference; fileEncoding = 4; lastKnownFileType = sourcecode.c.h; path = netbiosNS.h; sourceTree = "<group>"; };
		6FBADBAB1EA8560C005EC362 /* netbiosNS.m */ = {isa = PBXFileReference; fileEncoding = 4; lastKnownFileType = sourcecode.c.objc; path = netbiosNS.m; sourceTree = "<group>"; };
		6FBADBAD1EA8560C005EC362 /* netbiosQuery.h */ = {isa = PBXFileReference; fileEncoding = 4; lastKnownFileType = sourcecode.c.h; path = netbiosQuery.h; sourceTree = "<group>"; };
		6FBADBAE1EA8560C005EC362 /* netbiosQuery.m */ = {isa = PBXFileReference; fileEncoding = 4; lastKnownFileType = sourcecode.c.objc; path = netbiosQuery.m; sourceTree = "<group>"; };
		6FBADBB01EA8560C005EC362 /* netbiosSession.h */ = {isa = PBXFileReference; fileEncoding = 4; lastKnownFileType = sourcecode.c.h; path = netbiosSession.h; sourceTree = "<group>"; };
		6FBADBB11EA8560C005EC362 /* netbiosSession.m */ = {isa = PBXFileReference; fileEncoding = 4; lastKnownFileType = sourcecode.c.objc; path = netbiosSession.m; sourceTree = "<group>"; };
		6FBADBB31EA8560C005EC362 /* netbiosUtils.h */ = {isa = PBXFileReference; fileEncoding = 4; lastKnownFileType = sourcecode.c.h; path = netbiosUtils.h; sourceTree = "<group>"; };
		6FBADBB41EA8560C005EC362 /* netbiosUtils.m */ = {isa = PBXFileReference; fileEncoding = 4; lastKnownFileType = sourcecode.c.objc; path = netbiosUtils.m; sourceTree = "<group>"; };
		6FBADBB71EA8560C005EC362 /* md4.h */ = {isa = PBXFileReference; fileEncoding = 4; lastKnownFileType = sourcecode.c.h; path = md4.h; sourceTree = "<group>"; };
		6FBADBB81EA8560C005EC362 /* md4.m */ = {isa = PBXFileReference; fileEncoding = 4; lastKnownFileType = sourcecode.c.objc; path = md4.m; sourceTree = "<group>"; };
		6FBADBBA1EA8560C005EC362 /* md5.h */ = {isa = PBXFileReference; fileEncoding = 4; lastKnownFileType = sourcecode.c.h; path = md5.h; sourceTree = "<group>"; };
		6FBADBBB1EA8560C005EC362 /* md5.m */ = {isa = PBXFileReference; fileEncoding = 4; lastKnownFileType = sourcecode.c.objc; path = md5.m; sourceTree = "<group>"; };
		6FBADBBD1EA8560C005EC362 /* hmacMd5.h */ = {isa = PBXFileReference; fileEncoding = 4; lastKnownFileType = sourcecode.c.h; path = hmacMd5.h; sourceTree = "<group>"; };
		6FBADBBE1EA8560C005EC362 /* hmacMd5.m */ = {isa = PBXFileReference; fileEncoding = 4; lastKnownFileType = sourcecode.c.objc; path = hmacMd5.m; sourceTree = "<group>"; };
		6FBADBC21EA8560C005EC362 /* bdsm_common.h */ = {isa = PBXFileReference; fileEncoding = 4; lastKnownFileType = sourcecode.c.h; path = bdsm_common.h; sourceTree = "<group>"; };
		6FBADBC41EA8560C005EC362 /* bdsm_debug.h */ = {isa = PBXFileReference; fileEncoding = 4; lastKnownFileType = sourcecode.c.h; path = bdsm_debug.h; sourceTree = "<group>"; };
		6FBADBC51EA8560C005EC362 /* bdsmHeader.h */ = {isa = PBXFileReference; fileEncoding = 4; lastKnownFileType = sourcecode.c.h; path = bdsmHeader.h; sourceTree = "<group>"; };
		6FBADBC71EA8560C005EC362 /* config.h */ = {isa = PBXFileReference; fileEncoding = 4; lastKnownFileType = sourcecode.c.h; path = config.h; sourceTree = "<group>"; };
		6FBADBCA1EA8560C005EC362 /* netbios_defs.h */ = {isa = PBXFileReference; fileEncoding = 4; lastKnownFileType = sourcecode.c.h; path = netbios_defs.h; sourceTree = "<group>"; };
		6FBADBCB1EA8560C005EC362 /* netbiosHeader.h */ = {isa = PBXFileReference; fileEncoding = 4; lastKnownFileType = sourcecode.c.h; path = netbiosHeader.h; sourceTree = "<group>"; };
		6FBADBCE1EA8560C005EC362 /* smb_defs.h */ = {isa = PBXFileReference; fileEncoding = 4; lastKnownFileType = sourcecode.c.h; path = smb_defs.h; sourceTree = "<group>"; };
		6FBADBD01EA8560C005EC362 /* smb_packet.h */ = {isa = PBXFileReference; fileEncoding = 4; lastKnownFileType = sourcecode.c.h; path = smb_packet.h; sourceTree = "<group>"; };
		6FBADBD21EA8560C005EC362 /* smb_packets.h */ = {isa = PBXFileReference; fileEncoding = 4; lastKnownFileType = sourcecode.c.h; path = smb_packets.h; sourceTree = "<group>"; };
		6FBADBD41EA8560C005EC362 /* smb_types.h */ = {isa = PBXFileReference; fileEncoding = 4; lastKnownFileType = sourcecode.c.h; path = smb_types.h; sourceTree = "<group>"; };
		6FBADBD51EA8560C005EC362 /* smbHeader.h */ = {isa = PBXFileReference; fileEncoding = 4; lastKnownFileType = sourcecode.c.h; path = smbHeader.h; sourceTree = "<group>"; };
		6FBADBD71EA8560C005EC362 /* compat.c */ = {isa = PBXFileReference; fileEncoding = 4; lastKnownFileType = sourcecode.c.c; path = compat.c; sourceTree = "<group>"; };
		6FBADBD81EA8560C005EC362 /* compat.h */ = {isa = PBXFileReference; fileEncoding = 4; lastKnownFileType = sourcecode.c.h; path = compat.h; sourceTree = "<group>"; };
		765975F61E9D2A9C0089DAB1 /* libtasn1-iOS.a */ = {isa = PBXFileReference; lastKnownFileType = archive.ar; path = "libtasn1-iOS.a"; sourceTree = "<group>"; };
		765975F81E9D2AAA0089DAB1 /* libtasn1.h */ = {isa = PBXFileReference; fileEncoding = 4; lastKnownFileType = sourcecode.c.h; path = libtasn1.h; sourceTree = "<group>"; };
/* End PBXFileReference section */

/* Begin PBXFrameworksBuildPhase section */
		6F42D4901E97910E00C0B68B /* Frameworks */ = {
			isa = PBXFrameworksBuildPhase;
			buildActionMask = 2147483647;
			files = (
				6F42D4C91E9791B100C0B68B /* libiconv.tbd in Frameworks */,
				765975F71E9D2A9C0089DAB1 /* libtasn1-iOS.a in Frameworks */,
			);
			runOnlyForDeploymentPostprocessing = 0;
		};
/* End PBXFrameworksBuildPhase section */

/* Begin PBXGroup section */
		6F42D48A1E97910E00C0B68B = {
			isa = PBXGroup;
			children = (
				6F42D4951E97910E00C0B68B /* libdsm */,
				6F42D4941E97910E00C0B68B /* Products */,
				6F42D4C71E9791B100C0B68B /* Frameworks */,
			);
			sourceTree = "<group>";
		};
		6F42D4941E97910E00C0B68B /* Products */ = {
			isa = PBXGroup;
			children = (
				6F42D4931E97910E00C0B68B /* libdsm.app */,
			);
			name = Products;
			sourceTree = "<group>";
		};
		6F42D4951E97910E00C0B68B /* libdsm */ = {
			isa = PBXGroup;
			children = (
				765975F51E9D2A800089DAB1 /* libtasn1 */,
				6F42D4AE1E97914B00C0B68B /* libdsm */,
				6F42D4991E97910E00C0B68B /* AppDelegate.h */,
				6F42D49A1E97910E00C0B68B /* AppDelegate.m */,
				6F42D49C1E97910E00C0B68B /* ViewController.h */,
				6F42D49D1E97910E00C0B68B /* ViewController.m */,
				6F42D49F1E97910E00C0B68B /* Main.storyboard */,
				6F42D4A21E97910E00C0B68B /* Assets.xcassets */,
				6F42D4A41E97910E00C0B68B /* LaunchScreen.storyboard */,
				6F42D4A71E97910E00C0B68B /* Info.plist */,
				6F42D4961E97910E00C0B68B /* Supporting Files */,
			);
			path = libdsm;
			sourceTree = "<group>";
		};
		6F42D4961E97910E00C0B68B /* Supporting Files */ = {
			isa = PBXGroup;
			children = (
				6F42D4971E97910E00C0B68B /* main.m */,
			);
			name = "Supporting Files";
			sourceTree = "<group>";
		};
		6F42D4AE1E97914B00C0B68B /* libdsm */ = {
			isa = PBXGroup;
			children = (
				6FBADB7A1EA8560C005EC362 /* spnego */,
				6FBADB7D1EA8560C005EC362 /* smb */,
				6FBADBA51EA8560C005EC362 /* rc4 */,
				6FBADBA81EA8560C005EC362 /* netbios */,
				6FBADBB51EA8560C005EC362 /* mdx */,
				6FBADBBC1EA8560C005EC362 /* hmacMd5 */,
				6FBADBBF1EA8560C005EC362 /* const */,
				6FBADBD61EA8560C005EC362 /* compat */,
			);
			path = libdsm;
			sourceTree = "<group>";
		};
		6F42D4C71E9791B100C0B68B /* Frameworks */ = {
			isa = PBXGroup;
			children = (
				6F42D4C81E9791B100C0B68B /* libiconv.tbd */,
			);
			name = Frameworks;
			sourceTree = "<group>";
		};
		6FBADB7A1EA8560C005EC362 /* spnego */ = {
			isa = PBXGroup;
			children = (
				6FBADB7B1EA8560C005EC362 /* spnego_asn1.c */,
				6FBADB7C1EA8560C005EC362 /* spnego_asn1.h */,
			);
			path = spnego;
			sourceTree = "<group>";
		};
		6FBADB7D1EA8560C005EC362 /* smb */ = {
			isa = PBXGroup;
			children = (
				6FBADB7E1EA8560C005EC362 /* smbBuffer */,
				6FBADB811EA8560C005EC362 /* smbDir */,
				6FBADB841EA8560C005EC362 /* smbFd */,
				6FBADB871EA8560C005EC362 /* smbFile */,
				6FBADB8A1EA8560C005EC362 /* smbMessage */,
				6FBADB8D1EA8560C005EC362 /* smbNTLM */,
				6FBADB901EA8560C005EC362 /* smbSession */,
				6FBADB931EA8560C005EC362 /* smbSessionMsg */,
				6FBADB961EA8560C005EC362 /* smbShare */,
				6FBADB991EA8560C005EC362 /* smbSpnego */,
				6FBADB9C1EA8560C005EC362 /* smbStat */,
				6FBADB9F1EA8560C005EC362 /* smbTransport */,
				6FBADBA21EA8560C005EC362 /* smbUtils */,
			);
			path = smb;
			sourceTree = "<group>";
		};
		6FBADB7E1EA8560C005EC362 /* smbBuffer */ = {
			isa = PBXGroup;
			children = (
				6FBADB7F1EA8560C005EC362 /* smbBuffer.h */,
				6FBADB801EA8560C005EC362 /* smbBuffer.m */,
			);
			path = smbBuffer;
			sourceTree = "<group>";
		};
		6FBADB811EA8560C005EC362 /* smbDir */ = {
			isa = PBXGroup;
			children = (
				6FBADB821EA8560C005EC362 /* smbDir.h */,
				6FBADB831EA8560C005EC362 /* smbDir.m */,
			);
			path = smbDir;
			sourceTree = "<group>";
		};
		6FBADB841EA8560C005EC362 /* smbFd */ = {
			isa = PBXGroup;
			children = (
				6FBADB851EA8560C005EC362 /* smbFd.h */,
				6FBADB861EA8560C005EC362 /* smbFd.m */,
			);
			path = smbFd;
			sourceTree = "<group>";
		};
		6FBADB871EA8560C005EC362 /* smbFile */ = {
			isa = PBXGroup;
			children = (
				6FBADB881EA8560C005EC362 /* smbFile.h */,
				6FBADB891EA8560C005EC362 /* smbFile.m */,
			);
			path = smbFile;
			sourceTree = "<group>";
		};
		6FBADB8A1EA8560C005EC362 /* smbMessage */ = {
			isa = PBXGroup;
			children = (
				6FBADB8B1EA8560C005EC362 /* smbMessage.h */,
				6FBADB8C1EA8560C005EC362 /* smbMessage.m */,
			);
			path = smbMessage;
			sourceTree = "<group>";
		};
		6FBADB8D1EA8560C005EC362 /* smbNTLM */ = {
			isa = PBXGroup;
			children = (
				6FBADB8E1EA8560C005EC362 /* smbNTLM.h */,
				6FBADB8F1EA8560C005EC362 /* smbNTLM.m */,
			);
			path = smbNTLM;
			sourceTree = "<group>";
		};
		6FBADB901EA8560C005EC362 /* smbSession */ = {
			isa = PBXGroup;
			children = (
				6FBADB911EA8560C005EC362 /* smbSession.h */,
				6FBADB921EA8560C005EC362 /* smbSession.m */,
			);
			path = smbSession;
			sourceTree = "<group>";
		};
		6FBADB931EA8560C005EC362 /* smbSessionMsg */ = {
			isa = PBXGroup;
			children = (
				6FBADB941EA8560C005EC362 /* smbSessionMsg.h */,
				6FBADB951EA8560C005EC362 /* smbSessionMsg.m */,
			);
			path = smbSessionMsg;
			sourceTree = "<group>";
		};
		6FBADB961EA8560C005EC362 /* smbShare */ = {
			isa = PBXGroup;
			children = (
				6FBADB971EA8560C005EC362 /* smbShare.h */,
				6FBADB981EA8560C005EC362 /* smbShare.m */,
			);
			path = smbShare;
			sourceTree = "<group>";
		};
		6FBADB991EA8560C005EC362 /* smbSpnego */ = {
			isa = PBXGroup;
			children = (
				6FBADB9A1EA8560C005EC362 /* smbSpnego.h */,
				6FBADB9B1EA8560C005EC362 /* smbSpnego.m */,
			);
			path = smbSpnego;
			sourceTree = "<group>";
		};
		6FBADB9C1EA8560C005EC362 /* smbStat */ = {
			isa = PBXGroup;
			children = (
				6FBADB9D1EA8560C005EC362 /* smbStat.h */,
				6FBADB9E1EA8560C005EC362 /* smbStat.m */,
			);
			path = smbStat;
			sourceTree = "<group>";
		};
		6FBADB9F1EA8560C005EC362 /* smbTransport */ = {
			isa = PBXGroup;
			children = (
				6FBADBA01EA8560C005EC362 /* smbTransport.h */,
				6FBADBA11EA8560C005EC362 /* smbTransport.m */,
			);
			path = smbTransport;
			sourceTree = "<group>";
		};
		6FBADBA21EA8560C005EC362 /* smbUtils */ = {
			isa = PBXGroup;
			children = (
				6FBADBA31EA8560C005EC362 /* smbUtils.h */,
				6FBADBA41EA8560C005EC362 /* smbUtils.m */,
			);
			path = smbUtils;
			sourceTree = "<group>";
		};
		6FBADBA51EA8560C005EC362 /* rc4 */ = {
			isa = PBXGroup;
			children = (
				6FBADBA61EA8560C005EC362 /* rc4.h */,
				6FBADBA71EA8560C005EC362 /* rc4.m */,
			);
			path = rc4;
			sourceTree = "<group>";
		};
		6FBADBA81EA8560C005EC362 /* netbios */ = {
			isa = PBXGroup;
			children = (
				6FBADBA91EA8560C005EC362 /* netbiosNS */,
				6FBADBAC1EA8560C005EC362 /* netbiosQuery */,
				6FBADBAF1EA8560C005EC362 /* netbiosSession */,
				6FBADBB21EA8560C005EC362 /* netbiosUtils */,
			);
			path = netbios;
			sourceTree = "<group>";
		};
		6FBADBA91EA8560C005EC362 /* netbiosNS */ = {
			isa = PBXGroup;
			children = (
				6FBADBAA1EA8560C005EC362 /* netbiosNS.h */,
				6FBADBAB1EA8560C005EC362 /* netbiosNS.m */,
			);
			path = netbiosNS;
			sourceTree = "<group>";
		};
		6FBADBAC1EA8560C005EC362 /* netbiosQuery */ = {
			isa = PBXGroup;
			children = (
				6FBADBAD1EA8560C005EC362 /* netbiosQuery.h */,
				6FBADBAE1EA8560C005EC362 /* netbiosQuery.m */,
			);
			path = netbiosQuery;
			sourceTree = "<group>";
		};
		6FBADBAF1EA8560C005EC362 /* netbiosSession */ = {
			isa = PBXGroup;
			children = (
				6FBADBB01EA8560C005EC362 /* netbiosSession.h */,
				6FBADBB11EA8560C005EC362 /* netbiosSession.m */,
			);
			path = netbiosSession;
			sourceTree = "<group>";
		};
		6FBADBB21EA8560C005EC362 /* netbiosUtils */ = {
			isa = PBXGroup;
			children = (
				6FBADBB31EA8560C005EC362 /* netbiosUtils.h */,
				6FBADBB41EA8560C005EC362 /* netbiosUtils.m */,
			);
			path = netbiosUtils;
			sourceTree = "<group>";
		};
		6FBADBB51EA8560C005EC362 /* mdx */ = {
			isa = PBXGroup;
			children = (
				6FBADBB61EA8560C005EC362 /* md4 */,
				6FBADBB91EA8560C005EC362 /* md5 */,
			);
			path = mdx;
			sourceTree = "<group>";
		};
		6FBADBB61EA8560C005EC362 /* md4 */ = {
			isa = PBXGroup;
			children = (
				6FBADBB71EA8560C005EC362 /* md4.h */,
				6FBADBB81EA8560C005EC362 /* md4.m */,
			);
			path = md4;
			sourceTree = "<group>";
		};
		6FBADBB91EA8560C005EC362 /* md5 */ = {
			isa = PBXGroup;
			children = (
				6FBADBBA1EA8560C005EC362 /* md5.h */,
				6FBADBBB1EA8560C005EC362 /* md5.m */,
			);
			path = md5;
			sourceTree = "<group>";
		};
		6FBADBBC1EA8560C005EC362 /* hmacMd5 */ = {
			isa = PBXGroup;
			children = (
				6FBADBBD1EA8560C005EC362 /* hmacMd5.h */,
				6FBADBBE1EA8560C005EC362 /* hmacMd5.m */,
			);
			path = hmacMd5;
			sourceTree = "<group>";
		};
		6FBADBBF1EA8560C005EC362 /* const */ = {
			isa = PBXGroup;
			children = (
				6FBADBC01EA8560C005EC362 /* bdsm */,
				6FBADBC61EA8560C005EC362 /* config */,
				6FBADBC81EA8560C005EC362 /* netbios */,
				6FBADBCC1EA8560C005EC362 /* smb */,
			);
			path = const;
			sourceTree = "<group>";
		};
		6FBADBC01EA8560C005EC362 /* bdsm */ = {
			isa = PBXGroup;
			children = (
				6FBADBC11EA8560C005EC362 /* bdsm_common */,
				6FBADBC31EA8560C005EC362 /* bdsm_debug */,
				6FBADBC51EA8560C005EC362 /* bdsmHeader.h */,
			);
			path = bdsm;
			sourceTree = "<group>";
		};
		6FBADBC11EA8560C005EC362 /* bdsm_common */ = {
			isa = PBXGroup;
			children = (
				6FBADBC21EA8560C005EC362 /* bdsm_common.h */,
			);
			path = bdsm_common;
			sourceTree = "<group>";
		};
		6FBADBC31EA8560C005EC362 /* bdsm_debug */ = {
			isa = PBXGroup;
			children = (
				6FBADBC41EA8560C005EC362 /* bdsm_debug.h */,
			);
			path = bdsm_debug;
			sourceTree = "<group>";
		};
		6FBADBC61EA8560C005EC362 /* config */ = {
			isa = PBXGroup;
			children = (
				6FBADBC71EA8560C005EC362 /* config.h */,
			);
			path = config;
			sourceTree = "<group>";
		};
		6FBADBC81EA8560C005EC362 /* netbios */ = {
			isa = PBXGroup;
			children = (
				6FBADBC91EA8560C005EC362 /* netbios_defs */,
				6FBADBCB1EA8560C005EC362 /* netbiosHeader.h */,
			);
			path = netbios;
			sourceTree = "<group>";
		};
		6FBADBC91EA8560C005EC362 /* netbios_defs */ = {
			isa = PBXGroup;
			children = (
				6FBADBCA1EA8560C005EC362 /* netbios_defs.h */,
			);
			path = netbios_defs;
			sourceTree = "<group>";
		};
		6FBADBCC1EA8560C005EC362 /* smb */ = {
			isa = PBXGroup;
			children = (
				6FBADBCD1EA8560C005EC362 /* smb_defs */,
				6FBADBCF1EA8560C005EC362 /* smb_packet */,
				6FBADBD11EA8560C005EC362 /* smb_packets */,
				6FBADBD31EA8560C005EC362 /* smb_types */,
				6FBADBD51EA8560C005EC362 /* smbHeader.h */,
			);
			path = smb;
			sourceTree = "<group>";
		};
		6FBADBCD1EA8560C005EC362 /* smb_defs */ = {
			isa = PBXGroup;
			children = (
				6FBADBCE1EA8560C005EC362 /* smb_defs.h */,
			);
			path = smb_defs;
			sourceTree = "<group>";
		};
		6FBADBCF1EA8560C005EC362 /* smb_packet */ = {
			isa = PBXGroup;
			children = (
				6FBADBD01EA8560C005EC362 /* smb_packet.h */,
			);
			path = smb_packet;
			sourceTree = "<group>";
		};
		6FBADBD11EA8560C005EC362 /* smb_packets */ = {
			isa = PBXGroup;
			children = (
				6FBADBD21EA8560C005EC362 /* smb_packets.h */,
			);
			path = smb_packets;
			sourceTree = "<group>";
		};
		6FBADBD31EA8560C005EC362 /* smb_types */ = {
			isa = PBXGroup;
			children = (
				6FBADBD41EA8560C005EC362 /* smb_types.h */,
			);
			path = smb_types;
			sourceTree = "<group>";
		};
		6FBADBD61EA8560C005EC362 /* compat */ = {
			isa = PBXGroup;
			children = (
				6FBADBD71EA8560C005EC362 /* compat.c */,
				6FBADBD81EA8560C005EC362 /* compat.h */,
			);
			path = compat;
			sourceTree = "<group>";
		};
		765975F51E9D2A800089DAB1 /* libtasn1 */ = {
			isa = PBXGroup;
			children = (
				765975F81E9D2AAA0089DAB1 /* libtasn1.h */,
				765975F61E9D2A9C0089DAB1 /* libtasn1-iOS.a */,
			);
			path = libtasn1;
			sourceTree = "<group>";
		};
/* End PBXGroup section */

/* Begin PBXNativeTarget section */
		6F42D4921E97910E00C0B68B /* libdsm */ = {
			isa = PBXNativeTarget;
			buildConfigurationList = 6F42D4AA1E97910E00C0B68B /* Build configuration list for PBXNativeTarget "libdsm" */;
			buildPhases = (
				6F42D48F1E97910E00C0B68B /* Sources */,
				6F42D4901E97910E00C0B68B /* Frameworks */,
				6F42D4911E97910E00C0B68B /* Resources */,
			);
			buildRules = (
			);
			dependencies = (
			);
			name = libdsm;
			productName = libdsm;
			productReference = 6F42D4931E97910E00C0B68B /* libdsm.app */;
			productType = "com.apple.product-type.application";
		};
/* End PBXNativeTarget section */

/* Begin PBXProject section */
		6F42D48B1E97910E00C0B68B /* Project object */ = {
			isa = PBXProject;
			attributes = {
				LastUpgradeCheck = 0830;
				ORGANIZATIONNAME = trekvn;
				TargetAttributes = {
					6F42D4921E97910E00C0B68B = {
						CreatedOnToolsVersion = 8.3.1;
						DevelopmentTeam = 5934F7X3NB;
						ProvisioningStyle = Automatic;
					};
				};
			};
			buildConfigurationList = 6F42D48E1E97910E00C0B68B /* Build configuration list for PBXProject "libdsm" */;
			compatibilityVersion = "Xcode 3.2";
			developmentRegion = English;
			hasScannedForEncodings = 0;
			knownRegions = (
				en,
				Base,
			);
			mainGroup = 6F42D48A1E97910E00C0B68B;
			productRefGroup = 6F42D4941E97910E00C0B68B /* Products */;
			projectDirPath = "";
			projectRoot = "";
			targets = (
				6F42D4921E97910E00C0B68B /* libdsm */,
			);
		};
/* End PBXProject section */

/* Begin PBXResourcesBuildPhase section */
		6F42D4911E97910E00C0B68B /* Resources */ = {
			isa = PBXResourcesBuildPhase;
			buildActionMask = 2147483647;
			files = (
				6F42D4A61E97910E00C0B68B /* LaunchScreen.storyboard in Resources */,
				6F42D4A31E97910E00C0B68B /* Assets.xcassets in Resources */,
				6F42D4A11E97910E00C0B68B /* Main.storyboard in Resources */,
			);
			runOnlyForDeploymentPostprocessing = 0;
		};
/* End PBXResourcesBuildPhase section */

/* Begin PBXSourcesBuildPhase section */
		6F42D48F1E97910E00C0B68B /* Sources */ = {
			isa = PBXSourcesBuildPhase;
			buildActionMask = 2147483647;
			files = (
				6FBADBD91EA8560C005EC362 /* spnego_asn1.c in Sources */,
				6FBADBE01EA8560C005EC362 /* smbSession.m in Sources */,
				6FBADBEE1EA8560C005EC362 /* hmacMd5.m in Sources */,
				6FBADBE31EA8560C005EC362 /* smbSpnego.m in Sources */,
				6FBADBDC1EA8560C005EC362 /* smbFd.m in Sources */,
				6F42D49E1E97910E00C0B68B /* ViewController.m in Sources */,
				6F42D49B1E97910E00C0B68B /* AppDelegate.m in Sources */,
				6FBADBED1EA8560C005EC362 /* md5.m in Sources */,
				6F42D4981E97910E00C0B68B /* main.m in Sources */,
				6FBADBE21EA8560C005EC362 /* smbShare.m in Sources */,
				6FBADBE51EA8560C005EC362 /* smbTransport.m in Sources */,
				6FBADBDF1EA8560C005EC362 /* smbNTLM.m in Sources */,
				6FBADBEB1EA8560C005EC362 /* netbiosUtils.m in Sources */,
				6FBADBEF1EA8560C005EC362 /* compat.c in Sources */,
				6FBADBDB1EA8560C005EC362 /* smbDir.m in Sources */,
				6FBADBE91EA8560C005EC362 /* netbiosQuery.m in Sources */,
				6FBADBDD1EA8560C005EC362 /* smbFile.m in Sources */,
				6FBADBDA1EA8560C005EC362 /* smbBuffer.m in Sources */,
				6FBADBEC1EA8560C005EC362 /* md4.m in Sources */,
				6FBADBDE1EA8560C005EC362 /* smbMessage.m in Sources */,
				6FBADBE81EA8560C005EC362 /* netbiosNS.m in Sources */,
				6FBADBE41EA8560C005EC362 /* smbStat.m in Sources */,
				6FBADBE71EA8560C005EC362 /* rc4.m in Sources */,
				6FBADBEA1EA8560C005EC362 /* netbiosSession.m in Sources */,
				6FBADBE11EA8560C005EC362 /* smbSessionMsg.m in Sources */,
				6FBADBE61EA8560C005EC362 /* smbUtils.m in Sources */,
			);
			runOnlyForDeploymentPostprocessing = 0;
		};
/* End PBXSourcesBuildPhase section */

/* Begin PBXVariantGroup section */
		6F42D49F1E97910E00C0B68B /* Main.storyboard */ = {
			isa = PBXVariantGroup;
			children = (
				6F42D4A01E97910E00C0B68B /* Base */,
			);
			name = Main.storyboard;
			sourceTree = "<group>";
		};
		6F42D4A41E97910E00C0B68B /* LaunchScreen.storyboard */ = {
			isa = PBXVariantGroup;
			children = (
				6F42D4A51E97910E00C0B68B /* Base */,
			);
			name = LaunchScreen.storyboard;
			sourceTree = "<group>";
		};
/* End PBXVariantGroup section */

/* Begin XCBuildConfiguration section */
		6F42D4A81E97910E00C0B68B /* Debug */ = {
			isa = XCBuildConfiguration;
			buildSettings = {
				ALWAYS_SEARCH_USER_PATHS = NO;
				CLANG_ANALYZER_NONNULL = YES;
				CLANG_ANALYZER_NUMBER_OBJECT_CONVERSION = YES_AGGRESSIVE;
				CLANG_CXX_LANGUAGE_STANDARD = "gnu++0x";
				CLANG_CXX_LIBRARY = "libc++";
				CLANG_ENABLE_MODULES = YES;
				CLANG_ENABLE_OBJC_ARC = YES;
				CLANG_WARN_BOOL_CONVERSION = YES;
				CLANG_WARN_CONSTANT_CONVERSION = YES;
				CLANG_WARN_DIRECT_OBJC_ISA_USAGE = YES_ERROR;
				CLANG_WARN_DOCUMENTATION_COMMENTS = YES;
				CLANG_WARN_EMPTY_BODY = YES;
				CLANG_WARN_ENUM_CONVERSION = YES;
				CLANG_WARN_INFINITE_RECURSION = YES;
				CLANG_WARN_INT_CONVERSION = YES;
				CLANG_WARN_OBJC_ROOT_CLASS = YES_ERROR;
				CLANG_WARN_SUSPICIOUS_MOVE = YES;
				CLANG_WARN_UNREACHABLE_CODE = YES;
				CLANG_WARN__DUPLICATE_METHOD_MATCH = YES;
				"CODE_SIGN_IDENTITY[sdk=iphoneos*]" = "iPhone Developer";
				COPY_PHASE_STRIP = NO;
				DEBUG_INFORMATION_FORMAT = dwarf;
				ENABLE_STRICT_OBJC_MSGSEND = YES;
				ENABLE_TESTABILITY = YES;
				GCC_C_LANGUAGE_STANDARD = gnu99;
				GCC_DYNAMIC_NO_PIC = NO;
				GCC_NO_COMMON_BLOCKS = YES;
				GCC_OPTIMIZATION_LEVEL = 0;
				GCC_PREPROCESSOR_DEFINITIONS = (
					"DEBUG=1",
					"$(inherited)",
				);
				GCC_WARN_64_TO_32_BIT_CONVERSION = YES;
				GCC_WARN_ABOUT_RETURN_TYPE = YES_ERROR;
				GCC_WARN_UNDECLARED_SELECTOR = YES;
				GCC_WARN_UNINITIALIZED_AUTOS = YES_AGGRESSIVE;
				GCC_WARN_UNUSED_FUNCTION = YES;
				GCC_WARN_UNUSED_VARIABLE = YES;
				IPHONEOS_DEPLOYMENT_TARGET = 10.3;
				MTL_ENABLE_DEBUG_INFO = YES;
				ONLY_ACTIVE_ARCH = YES;
				SDKROOT = iphoneos;
			};
			name = Debug;
		};
		6F42D4A91E97910E00C0B68B /* Release */ = {
			isa = XCBuildConfiguration;
			buildSettings = {
				ALWAYS_SEARCH_USER_PATHS = NO;
				CLANG_ANALYZER_NONNULL = YES;
				CLANG_ANALYZER_NUMBER_OBJECT_CONVERSION = YES_AGGRESSIVE;
				CLANG_CXX_LANGUAGE_STANDARD = "gnu++0x";
				CLANG_CXX_LIBRARY = "libc++";
				CLANG_ENABLE_MODULES = YES;
				CLANG_ENABLE_OBJC_ARC = YES;
				CLANG_WARN_BOOL_CONVERSION = YES;
				CLANG_WARN_CONSTANT_CONVERSION = YES;
				CLANG_WARN_DIRECT_OBJC_ISA_USAGE = YES_ERROR;
				CLANG_WARN_DOCUMENTATION_COMMENTS = YES;
				CLANG_WARN_EMPTY_BODY = YES;
				CLANG_WARN_ENUM_CONVERSION = YES;
				CLANG_WARN_INFINITE_RECURSION = YES;
				CLANG_WARN_INT_CONVERSION = YES;
				CLANG_WARN_OBJC_ROOT_CLASS = YES_ERROR;
				CLANG_WARN_SUSPICIOUS_MOVE = YES;
				CLANG_WARN_UNREACHABLE_CODE = YES;
				CLANG_WARN__DUPLICATE_METHOD_MATCH = YES;
				"CODE_SIGN_IDENTITY[sdk=iphoneos*]" = "iPhone Developer";
				COPY_PHASE_STRIP = NO;
				DEBUG_INFORMATION_FORMAT = "dwarf-with-dsym";
				ENABLE_NS_ASSERTIONS = NO;
				ENABLE_STRICT_OBJC_MSGSEND = YES;
				GCC_C_LANGUAGE_STANDARD = gnu99;
				GCC_NO_COMMON_BLOCKS = YES;
				GCC_WARN_64_TO_32_BIT_CONVERSION = YES;
				GCC_WARN_ABOUT_RETURN_TYPE = YES_ERROR;
				GCC_WARN_UNDECLARED_SELECTOR = YES;
				GCC_WARN_UNINITIALIZED_AUTOS = YES_AGGRESSIVE;
				GCC_WARN_UNUSED_FUNCTION = YES;
				GCC_WARN_UNUSED_VARIABLE = YES;
				IPHONEOS_DEPLOYMENT_TARGET = 10.3;
				MTL_ENABLE_DEBUG_INFO = NO;
				SDKROOT = iphoneos;
				VALIDATE_PRODUCT = YES;
			};
			name = Release;
		};
		6F42D4AB1E97910E00C0B68B /* Debug */ = {
			isa = XCBuildConfiguration;
			buildSettings = {
				ASSETCATALOG_COMPILER_APPICON_NAME = AppIcon;
				DEVELOPMENT_TEAM = 5934F7X3NB;
				INFOPLIST_FILE = libdsm/Info.plist;
				IPHONEOS_DEPLOYMENT_TARGET = 8.0;
				LD_RUNPATH_SEARCH_PATHS = "$(inherited) @executable_path/Frameworks";
				LIBRARY_SEARCH_PATHS = (
					"$(inherited)",
					"$(PROJECT_DIR)/libdsm/libtasn1",
				);
				PRODUCT_BUNDLE_IDENTIFIER = trekvn.libdsm;
				PRODUCT_NAME = "$(TARGET_NAME)";
			};
			name = Debug;
		};
		6F42D4AC1E97910E00C0B68B /* Release */ = {
			isa = XCBuildConfiguration;
			buildSettings = {
				ASSETCATALOG_COMPILER_APPICON_NAME = AppIcon;
				DEVELOPMENT_TEAM = 5934F7X3NB;
				INFOPLIST_FILE = libdsm/Info.plist;
				IPHONEOS_DEPLOYMENT_TARGET = 8.0;
				LD_RUNPATH_SEARCH_PATHS = "$(inherited) @executable_path/Frameworks";
				LIBRARY_SEARCH_PATHS = (
					"$(inherited)",
					"$(PROJECT_DIR)/libdsm/libtasn1",
				);
				PRODUCT_BUNDLE_IDENTIFIER = trekvn.libdsm;
				PRODUCT_NAME = "$(TARGET_NAME)";
			};
			name = Release;
		};
/* End XCBuildConfiguration section */

/* Begin XCConfigurationList section */
		6F42D48E1E97910E00C0B68B /* Build configuration list for PBXProject "libdsm" */ = {
			isa = XCConfigurationList;
			buildConfigurations = (
				6F42D4A81E97910E00C0B68B /* Debug */,
				6F42D4A91E97910E00C0B68B /* Release */,
			);
			defaultConfigurationIsVisible = 0;
			defaultConfigurationName = Release;
		};
		6F42D4AA1E97910E00C0B68B /* Build configuration list for PBXNativeTarget "libdsm" */ = {
			isa = XCConfigurationList;
			buildConfigurations = (
				6F42D4AB1E97910E00C0B68B /* Debug */,
				6F42D4AC1E97910E00C0B68B /* Release */,
			);
			defaultConfigurationIsVisible = 0;
			defaultConfigurationName = Release;
		};
/* End XCConfigurationList section */
	};
	rootObject = 6F42D48B1E97910E00C0B68B /* Project object */;
}
