// !$*UTF8*$!
{
	archiveVersion = 1;
	classes = {
	};
	objectVersion = 46;
	objects = {

/* Begin PBXBuildFile section */
		6F42D4981E97910E00C0B68B /* main.m in Sources */ = {isa = PBXBuildFile; fileRef = 6F42D4971E97910E00C0B68B /* main.m */; };
		6F42D49B1E97910E00C0B68B /* AppDelegate.m in Sources */ = {isa = PBXBuildFile; fileRef = 6F42D49A1E97910E00C0B68B /* AppDelegate.m */; };
		6F42D49E1E97910E00C0B68B /* ViewController.m in Sources */ = {isa = PBXBuildFile; fileRef = 6F42D49D1E97910E00C0B68B /* ViewController.m */; };
		6F42D4A11E97910E00C0B68B /* Main.storyboard in Resources */ = {isa = PBXBuildFile; fileRef = 6F42D49F1E97910E00C0B68B /* Main.storyboard */; };
		6F42D4A31E97910E00C0B68B /* Assets.xcassets in Resources */ = {isa = PBXBuildFile; fileRef = 6F42D4A21E97910E00C0B68B /* Assets.xcassets */; };
		6F42D4A61E97910E00C0B68B /* LaunchScreen.storyboard in Resources */ = {isa = PBXBuildFile; fileRef = 6F42D4A41E97910E00C0B68B /* LaunchScreen.storyboard */; };
		6F42D4C41E97914B00C0B68B /* compat.c in Sources */ = {isa = PBXBuildFile; fileRef = 6F42D4B01E97914B00C0B68B /* compat.c */; };
		6F42D4C51E97914B00C0B68B /* netbios_ns.c in Sources */ = {isa = PBXBuildFile; fileRef = 6F42D4BF1E97914B00C0B68B /* netbios_ns.c */; };
		6F42D4C61E97914B00C0B68B /* netbios_query.c in Sources */ = {isa = PBXBuildFile; fileRef = 6F42D4C21E97914B00C0B68B /* netbios_query.c */; };
		6F42D4C91E9791B100C0B68B /* libiconv.tbd in Frameworks */ = {isa = PBXBuildFile; fileRef = 6F42D4C81E9791B100C0B68B /* libiconv.tbd */; };
/* End PBXBuildFile section */

/* Begin PBXFileReference section */
		6F42D4931E97910E00C0B68B /* libdsm.app */ = {isa = PBXFileReference; explicitFileType = wrapper.application; includeInIndex = 0; path = libdsm.app; sourceTree = BUILT_PRODUCTS_DIR; };
		6F42D4971E97910E00C0B68B /* main.m */ = {isa = PBXFileReference; lastKnownFileType = sourcecode.c.objc; path = main.m; sourceTree = "<group>"; };
		6F42D4991E97910E00C0B68B /* AppDelegate.h */ = {isa = PBXFileReference; lastKnownFileType = sourcecode.c.h; path = AppDelegate.h; sourceTree = "<group>"; };
		6F42D49A1E97910E00C0B68B /* AppDelegate.m */ = {isa = PBXFileReference; lastKnownFileType = sourcecode.c.objc; path = AppDelegate.m; sourceTree = "<group>"; };
		6F42D49C1E97910E00C0B68B /* ViewController.h */ = {isa = PBXFileReference; lastKnownFileType = sourcecode.c.h; path = ViewController.h; sourceTree = "<group>"; };
		6F42D49D1E97910E00C0B68B /* ViewController.m */ = {isa = PBXFileReference; lastKnownFileType = sourcecode.c.objc; path = ViewController.m; sourceTree = "<group>"; };
		6F42D4A01E97910E00C0B68B /* Base */ = {isa = PBXFileReference; lastKnownFileType = file.storyboard; name = Base; path = Base.lproj/Main.storyboard; sourceTree = "<group>"; };
		6F42D4A21E97910E00C0B68B /* Assets.xcassets */ = {isa = PBXFileReference; lastKnownFileType = folder.assetcatalog; path = Assets.xcassets; sourceTree = "<group>"; };
		6F42D4A51E97910E00C0B68B /* Base */ = {isa = PBXFileReference; lastKnownFileType = file.storyboard; name = Base; path = Base.lproj/LaunchScreen.storyboard; sourceTree = "<group>"; };
		6F42D4A71E97910E00C0B68B /* Info.plist */ = {isa = PBXFileReference; lastKnownFileType = text.plist.xml; path = Info.plist; sourceTree = "<group>"; };
		6F42D4B01E97914B00C0B68B /* compat.c */ = {isa = PBXFileReference; fileEncoding = 4; lastKnownFileType = sourcecode.c.c; path = compat.c; sourceTree = "<group>"; };
		6F42D4B11E97914B00C0B68B /* compat.h */ = {isa = PBXFileReference; fileEncoding = 4; lastKnownFileType = sourcecode.c.h; path = compat.h; sourceTree = "<group>"; };
		6F42D4B51E97914B00C0B68B /* bdsm_common.h */ = {isa = PBXFileReference; fileEncoding = 4; lastKnownFileType = sourcecode.c.h; path = bdsm_common.h; sourceTree = "<group>"; };
		6F42D4B71E97914B00C0B68B /* bdsm_debug.h */ = {isa = PBXFileReference; fileEncoding = 4; lastKnownFileType = sourcecode.c.h; path = bdsm_debug.h; sourceTree = "<group>"; };
		6F42D4B91E97914B00C0B68B /* config.h */ = {isa = PBXFileReference; fileEncoding = 4; lastKnownFileType = sourcecode.c.h; path = config.h; sourceTree = "<group>"; };
		6F42D4BC1E97914B00C0B68B /* netbios_defs.h */ = {isa = PBXFileReference; fileEncoding = 4; lastKnownFileType = sourcecode.c.h; path = netbios_defs.h; sourceTree = "<group>"; };
		6F42D4BF1E97914B00C0B68B /* netbios_ns.c */ = {isa = PBXFileReference; fileEncoding = 4; lastKnownFileType = sourcecode.c.c; path = netbios_ns.c; sourceTree = "<group>"; };
		6F42D4C01E97914B00C0B68B /* netbios_ns.h */ = {isa = PBXFileReference; fileEncoding = 4; lastKnownFileType = sourcecode.c.h; path = netbios_ns.h; sourceTree = "<group>"; };
		6F42D4C21E97914B00C0B68B /* netbios_query.c */ = {isa = PBXFileReference; fileEncoding = 4; lastKnownFileType = sourcecode.c.c; path = netbios_query.c; sourceTree = "<group>"; };
		6F42D4C31E97914B00C0B68B /* netbios_query.h */ = {isa = PBXFileReference; fileEncoding = 4; lastKnownFileType = sourcecode.c.h; path = netbios_query.h; sourceTree = "<group>"; };
		6F42D4C81E9791B100C0B68B /* libiconv.tbd */ = {isa = PBXFileReference; lastKnownFileType = "sourcecode.text-based-dylib-definition"; name = libiconv.tbd; path = usr/lib/libiconv.tbd; sourceTree = SDKROOT; };
/* End PBXFileReference section */

/* Begin PBXFrameworksBuildPhase section */
		6F42D4901E97910E00C0B68B /* Frameworks */ = {
			isa = PBXFrameworksBuildPhase;
			buildActionMask = 2147483647;
			files = (
				6F42D4C91E9791B100C0B68B /* libiconv.tbd in Frameworks */,
			);
			runOnlyForDeploymentPostprocessing = 0;
		};
/* End PBXFrameworksBuildPhase section */

/* Begin PBXGroup section */
		6F42D48A1E97910E00C0B68B = {
			isa = PBXGroup;
			children = (
				6F42D4951E97910E00C0B68B /* libdsm */,
				6F42D4941E97910E00C0B68B /* Products */,
				6F42D4C71E9791B100C0B68B /* Frameworks */,
			);
			sourceTree = "<group>";
		};
		6F42D4941E97910E00C0B68B /* Products */ = {
			isa = PBXGroup;
			children = (
				6F42D4931E97910E00C0B68B /* libdsm.app */,
			);
			name = Products;
			sourceTree = "<group>";
		};
		6F42D4951E97910E00C0B68B /* libdsm */ = {
			isa = PBXGroup;
			children = (
				6F42D4AE1E97914B00C0B68B /* libdsm */,
				6F42D4991E97910E00C0B68B /* AppDelegate.h */,
				6F42D49A1E97910E00C0B68B /* AppDelegate.m */,
				6F42D49C1E97910E00C0B68B /* ViewController.h */,
				6F42D49D1E97910E00C0B68B /* ViewController.m */,
				6F42D49F1E97910E00C0B68B /* Main.storyboard */,
				6F42D4A21E97910E00C0B68B /* Assets.xcassets */,
				6F42D4A41E97910E00C0B68B /* LaunchScreen.storyboard */,
				6F42D4A71E97910E00C0B68B /* Info.plist */,
				6F42D4961E97910E00C0B68B /* Supporting Files */,
			);
			path = libdsm;
			sourceTree = "<group>";
		};
		6F42D4961E97910E00C0B68B /* Supporting Files */ = {
			isa = PBXGroup;
			children = (
				6F42D4971E97910E00C0B68B /* main.m */,
			);
			name = "Supporting Files";
			sourceTree = "<group>";
		};
		6F42D4AE1E97914B00C0B68B /* libdsm */ = {
			isa = PBXGroup;
			children = (
				6F42D4AF1E97914B00C0B68B /* compat */,
				6F42D4B21E97914B00C0B68B /* const */,
				6F42D4BD1E97914B00C0B68B /* netbios */,
			);
			path = libdsm;
			sourceTree = "<group>";
		};
		6F42D4AF1E97914B00C0B68B /* compat */ = {
			isa = PBXGroup;
			children = (
				6F42D4B01E97914B00C0B68B /* compat.c */,
				6F42D4B11E97914B00C0B68B /* compat.h */,
			);
			path = compat;
			sourceTree = "<group>";
		};
		6F42D4B21E97914B00C0B68B /* const */ = {
			isa = PBXGroup;
			children = (
				6F42D4B31E97914B00C0B68B /* bdsm */,
				6F42D4B81E97914B00C0B68B /* config */,
				6F42D4BA1E97914B00C0B68B /* netbios */,
			);
			path = const;
			sourceTree = "<group>";
		};
		6F42D4B31E97914B00C0B68B /* bdsm */ = {
			isa = PBXGroup;
			children = (
				6F42D4B41E97914B00C0B68B /* bdsm_common */,
				6F42D4B61E97914B00C0B68B /* bdsm_debug */,
			);
			path = bdsm;
			sourceTree = "<group>";
		};
		6F42D4B41E97914B00C0B68B /* bdsm_common */ = {
			isa = PBXGroup;
			children = (
				6F42D4B51E97914B00C0B68B /* bdsm_common.h */,
			);
			path = bdsm_common;
			sourceTree = "<group>";
		};
		6F42D4B61E97914B00C0B68B /* bdsm_debug */ = {
			isa = PBXGroup;
			children = (
				6F42D4B71E97914B00C0B68B /* bdsm_debug.h */,
			);
			path = bdsm_debug;
			sourceTree = "<group>";
		};
		6F42D4B81E97914B00C0B68B /* config */ = {
			isa = PBXGroup;
			children = (
				6F42D4B91E97914B00C0B68B /* config.h */,
			);
			path = config;
			sourceTree = "<group>";
		};
		6F42D4BA1E97914B00C0B68B /* netbios */ = {
			isa = PBXGroup;
			children = (
				6F42D4BB1E97914B00C0B68B /* netbios_defs */,
			);
			path = netbios;
			sourceTree = "<group>";
		};
		6F42D4BB1E97914B00C0B68B /* netbios_defs */ = {
			isa = PBXGroup;
			children = (
				6F42D4BC1E97914B00C0B68B /* netbios_defs.h */,
			);
			path = netbios_defs;
			sourceTree = "<group>";
		};
		6F42D4BD1E97914B00C0B68B /* netbios */ = {
			isa = PBXGroup;
			children = (
				6F42D4BE1E97914B00C0B68B /* netbios_ns */,
				6F42D4C11E97914B00C0B68B /* netbios_query */,
			);
			path = netbios;
			sourceTree = "<group>";
		};
		6F42D4BE1E97914B00C0B68B /* netbios_ns */ = {
			isa = PBXGroup;
			children = (
				6F42D4BF1E97914B00C0B68B /* netbios_ns.c */,
				6F42D4C01E97914B00C0B68B /* netbios_ns.h */,
			);
			path = netbios_ns;
			sourceTree = "<group>";
		};
		6F42D4C11E97914B00C0B68B /* netbios_query */ = {
			isa = PBXGroup;
			children = (
				6F42D4C21E97914B00C0B68B /* netbios_query.c */,
				6F42D4C31E97914B00C0B68B /* netbios_query.h */,
			);
			path = netbios_query;
			sourceTree = "<group>";
		};
		6F42D4C71E9791B100C0B68B /* Frameworks */ = {
			isa = PBXGroup;
			children = (
				6F42D4C81E9791B100C0B68B /* libiconv.tbd */,
			);
			name = Frameworks;
			sourceTree = "<group>";
		};
/* End PBXGroup section */

/* Begin PBXNativeTarget section */
		6F42D4921E97910E00C0B68B /* libdsm */ = {
			isa = PBXNativeTarget;
			buildConfigurationList = 6F42D4AA1E97910E00C0B68B /* Build configuration list for PBXNativeTarget "libdsm" */;
			buildPhases = (
				6F42D48F1E97910E00C0B68B /* Sources */,
				6F42D4901E97910E00C0B68B /* Frameworks */,
				6F42D4911E97910E00C0B68B /* Resources */,
			);
			buildRules = (
			);
			dependencies = (
			);
			name = libdsm;
			productName = libdsm;
			productReference = 6F42D4931E97910E00C0B68B /* libdsm.app */;
			productType = "com.apple.product-type.application";
		};
/* End PBXNativeTarget section */

/* Begin PBXProject section */
		6F42D48B1E97910E00C0B68B /* Project object */ = {
			isa = PBXProject;
			attributes = {
				LastUpgradeCheck = 0830;
				ORGANIZATIONNAME = trekvn;
				TargetAttributes = {
					6F42D4921E97910E00C0B68B = {
						CreatedOnToolsVersion = 8.3.1;
						DevelopmentTeam = 5934F7X3NB;
						ProvisioningStyle = Automatic;
					};
				};
			};
			buildConfigurationList = 6F42D48E1E97910E00C0B68B /* Build configuration list for PBXProject "libdsm" */;
			compatibilityVersion = "Xcode 3.2";
			developmentRegion = English;
			hasScannedForEncodings = 0;
			knownRegions = (
				en,
				Base,
			);
			mainGroup = 6F42D48A1E97910E00C0B68B;
			productRefGroup = 6F42D4941E97910E00C0B68B /* Products */;
			projectDirPath = "";
			projectRoot = "";
			targets = (
				6F42D4921E97910E00C0B68B /* libdsm */,
			);
		};
/* End PBXProject section */

/* Begin PBXResourcesBuildPhase section */
		6F42D4911E97910E00C0B68B /* Resources */ = {
			isa = PBXResourcesBuildPhase;
			buildActionMask = 2147483647;
			files = (
				6F42D4A61E97910E00C0B68B /* LaunchScreen.storyboard in Resources */,
				6F42D4A31E97910E00C0B68B /* Assets.xcassets in Resources */,
				6F42D4A11E97910E00C0B68B /* Main.storyboard in Resources */,
			);
			runOnlyForDeploymentPostprocessing = 0;
		};
/* End PBXResourcesBuildPhase section */

/* Begin PBXSourcesBuildPhase section */
		6F42D48F1E97910E00C0B68B /* Sources */ = {
			isa = PBXSourcesBuildPhase;
			buildActionMask = 2147483647;
			files = (
				6F42D4C51E97914B00C0B68B /* netbios_ns.c in Sources */,
				6F42D49E1E97910E00C0B68B /* ViewController.m in Sources */,
				6F42D4C41E97914B00C0B68B /* compat.c in Sources */,
				6F42D49B1E97910E00C0B68B /* AppDelegate.m in Sources */,
				6F42D4981E97910E00C0B68B /* main.m in Sources */,
				6F42D4C61E97914B00C0B68B /* netbios_query.c in Sources */,
			);
			runOnlyForDeploymentPostprocessing = 0;
		};
/* End PBXSourcesBuildPhase section */

/* Begin PBXVariantGroup section */
		6F42D49F1E97910E00C0B68B /* Main.storyboard */ = {
			isa = PBXVariantGroup;
			children = (
				6F42D4A01E97910E00C0B68B /* Base */,
			);
			name = Main.storyboard;
			sourceTree = "<group>";
		};
		6F42D4A41E97910E00C0B68B /* LaunchScreen.storyboard */ = {
			isa = PBXVariantGroup;
			children = (
				6F42D4A51E97910E00C0B68B /* Base */,
			);
			name = LaunchScreen.storyboard;
			sourceTree = "<group>";
		};
/* End PBXVariantGroup section */

/* Begin XCBuildConfiguration section */
		6F42D4A81E97910E00C0B68B /* Debug */ = {
			isa = XCBuildConfiguration;
			buildSettings = {
				ALWAYS_SEARCH_USER_PATHS = NO;
				CLANG_ANALYZER_NONNULL = YES;
				CLANG_ANALYZER_NUMBER_OBJECT_CONVERSION = YES_AGGRESSIVE;
				CLANG_CXX_LANGUAGE_STANDARD = "gnu++0x";
				CLANG_CXX_LIBRARY = "libc++";
				CLANG_ENABLE_MODULES = YES;
				CLANG_ENABLE_OBJC_ARC = YES;
				CLANG_WARN_BOOL_CONVERSION = YES;
				CLANG_WARN_CONSTANT_CONVERSION = YES;
				CLANG_WARN_DIRECT_OBJC_ISA_USAGE = YES_ERROR;
				CLANG_WARN_DOCUMENTATION_COMMENTS = YES;
				CLANG_WARN_EMPTY_BODY = YES;
				CLANG_WARN_ENUM_CONVERSION = YES;
				CLANG_WARN_INFINITE_RECURSION = YES;
				CLANG_WARN_INT_CONVERSION = YES;
				CLANG_WARN_OBJC_ROOT_CLASS = YES_ERROR;
				CLANG_WARN_SUSPICIOUS_MOVE = YES;
				CLANG_WARN_UNREACHABLE_CODE = YES;
				CLANG_WARN__DUPLICATE_METHOD_MATCH = YES;
				"CODE_SIGN_IDENTITY[sdk=iphoneos*]" = "iPhone Developer";
				COPY_PHASE_STRIP = NO;
				DEBUG_INFORMATION_FORMAT = dwarf;
				ENABLE_STRICT_OBJC_MSGSEND = YES;
				ENABLE_TESTABILITY = YES;
				GCC_C_LANGUAGE_STANDARD = gnu99;
				GCC_DYNAMIC_NO_PIC = NO;
				GCC_NO_COMMON_BLOCKS = YES;
				GCC_OPTIMIZATION_LEVEL = 0;
				GCC_PREPROCESSOR_DEFINITIONS = (
					"DEBUG=1",
					"$(inherited)",
				);
				GCC_WARN_64_TO_32_BIT_CONVERSION = YES;
				GCC_WARN_ABOUT_RETURN_TYPE = YES_ERROR;
				GCC_WARN_UNDECLARED_SELECTOR = YES;
				GCC_WARN_UNINITIALIZED_AUTOS = YES_AGGRESSIVE;
				GCC_WARN_UNUSED_FUNCTION = YES;
				GCC_WARN_UNUSED_VARIABLE = YES;
				IPHONEOS_DEPLOYMENT_TARGET = 10.3;
				MTL_ENABLE_DEBUG_INFO = YES;
				ONLY_ACTIVE_ARCH = YES;
				SDKROOT = iphoneos;
			};
			name = Debug;
		};
		6F42D4A91E97910E00C0B68B /* Release */ = {
			isa = XCBuildConfiguration;
			buildSettings = {
				ALWAYS_SEARCH_USER_PATHS = NO;
				CLANG_ANALYZER_NONNULL = YES;
				CLANG_ANALYZER_NUMBER_OBJECT_CONVERSION = YES_AGGRESSIVE;
				CLANG_CXX_LANGUAGE_STANDARD = "gnu++0x";
				CLANG_CXX_LIBRARY = "libc++";
				CLANG_ENABLE_MODULES = YES;
				CLANG_ENABLE_OBJC_ARC = YES;
				CLANG_WARN_BOOL_CONVERSION = YES;
				CLANG_WARN_CONSTANT_CONVERSION = YES;
				CLANG_WARN_DIRECT_OBJC_ISA_USAGE = YES_ERROR;
				CLANG_WARN_DOCUMENTATION_COMMENTS = YES;
				CLANG_WARN_EMPTY_BODY = YES;
				CLANG_WARN_ENUM_CONVERSION = YES;
				CLANG_WARN_INFINITE_RECURSION = YES;
				CLANG_WARN_INT_CONVERSION = YES;
				CLANG_WARN_OBJC_ROOT_CLASS = YES_ERROR;
				CLANG_WARN_SUSPICIOUS_MOVE = YES;
				CLANG_WARN_UNREACHABLE_CODE = YES;
				CLANG_WARN__DUPLICATE_METHOD_MATCH = YES;
				"CODE_SIGN_IDENTITY[sdk=iphoneos*]" = "iPhone Developer";
				COPY_PHASE_STRIP = NO;
				DEBUG_INFORMATION_FORMAT = "dwarf-with-dsym";
				ENABLE_NS_ASSERTIONS = NO;
				ENABLE_STRICT_OBJC_MSGSEND = YES;
				GCC_C_LANGUAGE_STANDARD = gnu99;
				GCC_NO_COMMON_BLOCKS = YES;
				GCC_WARN_64_TO_32_BIT_CONVERSION = YES;
				GCC_WARN_ABOUT_RETURN_TYPE = YES_ERROR;
				GCC_WARN_UNDECLARED_SELECTOR = YES;
				GCC_WARN_UNINITIALIZED_AUTOS = YES_AGGRESSIVE;
				GCC_WARN_UNUSED_FUNCTION = YES;
				GCC_WARN_UNUSED_VARIABLE = YES;
				IPHONEOS_DEPLOYMENT_TARGET = 10.3;
				MTL_ENABLE_DEBUG_INFO = NO;
				SDKROOT = iphoneos;
				VALIDATE_PRODUCT = YES;
			};
			name = Release;
		};
		6F42D4AB1E97910E00C0B68B /* Debug */ = {
			isa = XCBuildConfiguration;
			buildSettings = {
				ASSETCATALOG_COMPILER_APPICON_NAME = AppIcon;
				DEVELOPMENT_TEAM = 5934F7X3NB;
				INFOPLIST_FILE = libdsm/Info.plist;
				IPHONEOS_DEPLOYMENT_TARGET = 8.0;
				LD_RUNPATH_SEARCH_PATHS = "$(inherited) @executable_path/Frameworks";
				PRODUCT_BUNDLE_IDENTIFIER = trekvn.libdsm;
				PRODUCT_NAME = "$(TARGET_NAME)";
			};
			name = Debug;
		};
		6F42D4AC1E97910E00C0B68B /* Release */ = {
			isa = XCBuildConfiguration;
			buildSettings = {
				ASSETCATALOG_COMPILER_APPICON_NAME = AppIcon;
				DEVELOPMENT_TEAM = 5934F7X3NB;
				INFOPLIST_FILE = libdsm/Info.plist;
				IPHONEOS_DEPLOYMENT_TARGET = 8.0;
				LD_RUNPATH_SEARCH_PATHS = "$(inherited) @executable_path/Frameworks";
				PRODUCT_BUNDLE_IDENTIFIER = trekvn.libdsm;
				PRODUCT_NAME = "$(TARGET_NAME)";
			};
			name = Release;
		};
/* End XCBuildConfiguration section */

/* Begin XCConfigurationList section */
		6F42D48E1E97910E00C0B68B /* Build configuration list for PBXProject "libdsm" */ = {
			isa = XCConfigurationList;
			buildConfigurations = (
				6F42D4A81E97910E00C0B68B /* Debug */,
				6F42D4A91E97910E00C0B68B /* Release */,
			);
			defaultConfigurationIsVisible = 0;
			defaultConfigurationName = Release;
		};
		6F42D4AA1E97910E00C0B68B /* Build configuration list for PBXNativeTarget "libdsm" */ = {
			isa = XCConfigurationList;
			buildConfigurations = (
				6F42D4AB1E97910E00C0B68B /* Debug */,
				6F42D4AC1E97910E00C0B68B /* Release */,
			);
			defaultConfigurationIsVisible = 0;
		};
/* End XCConfigurationList section */
	};
	rootObject = 6F42D48B1E97910E00C0B68B /* Project object */;
}
