// !$*UTF8*$!
{
	archiveVersion = 1;
	classes = {
	};
	objectVersion = 46;
	objects = {

/* Begin PBXBuildFile section */
		6F1F7AE31E91EDF8007D518A /* main.m in Sources */ = {isa = PBXBuildFile; fileRef = 6F1F7AE21E91EDF8007D518A /* main.m */; };
		6F1F7AE61E91EDF8007D518A /* AppDelegate.m in Sources */ = {isa = PBXBuildFile; fileRef = 6F1F7AE51E91EDF8007D518A /* AppDelegate.m */; };
		6F1F7AE91E91EDF8007D518A /* ViewController.m in Sources */ = {isa = PBXBuildFile; fileRef = 6F1F7AE81E91EDF8007D518A /* ViewController.m */; };
		6F1F7AEC1E91EDF8007D518A /* Main.storyboard in Resources */ = {isa = PBXBuildFile; fileRef = 6F1F7AEA1E91EDF8007D518A /* Main.storyboard */; };
		6F1F7AEE1E91EDF8007D518A /* Assets.xcassets in Resources */ = {isa = PBXBuildFile; fileRef = 6F1F7AED1E91EDF8007D518A /* Assets.xcassets */; };
		6F1F7AF11E91EDF8007D518A /* LaunchScreen.storyboard in Resources */ = {isa = PBXBuildFile; fileRef = 6F1F7AEF1E91EDF8007D518A /* LaunchScreen.storyboard */; };
		6F1F7AFF1E91EE65007D518A /* smbClient.m in Sources */ = {isa = PBXBuildFile; fileRef = 6F1F7AFE1E91EE65007D518A /* smbClient.m */; };
		6F1F7B031E91EE8D007D518A /* smbDevice.m in Sources */ = {isa = PBXBuildFile; fileRef = 6F1F7B021E91EE8D007D518A /* smbDevice.m */; };
		6F1F7B071E91F241007D518A /* smbDiscovery.m in Sources */ = {isa = PBXBuildFile; fileRef = 6F1F7B061E91F241007D518A /* smbDiscovery.m */; };
		6F5AA07A1E933D5100E40539 /* compat.c in Sources */ = {isa = PBXBuildFile; fileRef = 6F5AA0781E933D5100E40539 /* compat.c */; };
		6F5AA0811E934CFE00E40539 /* netbios_query.c in Sources */ = {isa = PBXBuildFile; fileRef = 6F5AA07F1E934CFE00E40539 /* netbios_query.c */; };
		6F5AA0841E934DF300E40539 /* netbios_utils.c in Sources */ = {isa = PBXBuildFile; fileRef = 6F5AA0821E934DF300E40539 /* netbios_utils.c */; };
		6F5AA0871E934F0C00E40539 /* netbios_ns.c in Sources */ = {isa = PBXBuildFile; fileRef = 6F5AA0851E934F0C00E40539 /* netbios_ns.c */; };
/* End PBXBuildFile section */

/* Begin PBXFileReference section */
		6F1F7ADE1E91EDF8007D518A /* libdsm.app */ = {isa = PBXFileReference; explicitFileType = wrapper.application; includeInIndex = 0; path = libdsm.app; sourceTree = BUILT_PRODUCTS_DIR; };
		6F1F7AE21E91EDF8007D518A /* main.m */ = {isa = PBXFileReference; lastKnownFileType = sourcecode.c.objc; path = main.m; sourceTree = "<group>"; };
		6F1F7AE41E91EDF8007D518A /* AppDelegate.h */ = {isa = PBXFileReference; lastKnownFileType = sourcecode.c.h; path = AppDelegate.h; sourceTree = "<group>"; };
		6F1F7AE51E91EDF8007D518A /* AppDelegate.m */ = {isa = PBXFileReference; lastKnownFileType = sourcecode.c.objc; path = AppDelegate.m; sourceTree = "<group>"; };
		6F1F7AE71E91EDF8007D518A /* ViewController.h */ = {isa = PBXFileReference; lastKnownFileType = sourcecode.c.h; path = ViewController.h; sourceTree = "<group>"; };
		6F1F7AE81E91EDF8007D518A /* ViewController.m */ = {isa = PBXFileReference; lastKnownFileType = sourcecode.c.objc; path = ViewController.m; sourceTree = "<group>"; };
		6F1F7AEB1E91EDF8007D518A /* Base */ = {isa = PBXFileReference; lastKnownFileType = file.storyboard; name = Base; path = Base.lproj/Main.storyboard; sourceTree = "<group>"; };
		6F1F7AED1E91EDF8007D518A /* Assets.xcassets */ = {isa = PBXFileReference; lastKnownFileType = folder.assetcatalog; path = Assets.xcassets; sourceTree = "<group>"; };
		6F1F7AF01E91EDF8007D518A /* Base */ = {isa = PBXFileReference; lastKnownFileType = file.storyboard; name = Base; path = Base.lproj/LaunchScreen.storyboard; sourceTree = "<group>"; };
		6F1F7AF21E91EDF8007D518A /* Info.plist */ = {isa = PBXFileReference; lastKnownFileType = text.plist.xml; path = Info.plist; sourceTree = "<group>"; };
		6F1F7AFD1E91EE65007D518A /* smbClient.h */ = {isa = PBXFileReference; fileEncoding = 4; lastKnownFileType = sourcecode.c.h; path = smbClient.h; sourceTree = "<group>"; };
		6F1F7AFE1E91EE65007D518A /* smbClient.m */ = {isa = PBXFileReference; fileEncoding = 4; lastKnownFileType = sourcecode.c.objc; path = smbClient.m; sourceTree = "<group>"; };
		6F1F7B011E91EE8D007D518A /* smbDevice.h */ = {isa = PBXFileReference; fileEncoding = 4; lastKnownFileType = sourcecode.c.h; path = smbDevice.h; sourceTree = "<group>"; };
		6F1F7B021E91EE8D007D518A /* smbDevice.m */ = {isa = PBXFileReference; fileEncoding = 4; lastKnownFileType = sourcecode.c.objc; path = smbDevice.m; sourceTree = "<group>"; };
		6F1F7B051E91F241007D518A /* smbDiscovery.h */ = {isa = PBXFileReference; fileEncoding = 4; lastKnownFileType = sourcecode.c.h; path = smbDiscovery.h; sourceTree = "<group>"; };
		6F1F7B061E91F241007D518A /* smbDiscovery.m */ = {isa = PBXFileReference; fileEncoding = 4; lastKnownFileType = sourcecode.c.objc; path = smbDiscovery.m; sourceTree = "<group>"; };
		6F5AA0781E933D5100E40539 /* compat.c */ = {isa = PBXFileReference; fileEncoding = 4; lastKnownFileType = sourcecode.c.c; path = compat.c; sourceTree = "<group>"; };
		6F5AA0791E933D5100E40539 /* compat.h */ = {isa = PBXFileReference; fileEncoding = 4; lastKnownFileType = sourcecode.c.h; path = compat.h; sourceTree = "<group>"; };
		6F5AA07B1E9342D500E40539 /* bdsm_debug.h */ = {isa = PBXFileReference; lastKnownFileType = sourcecode.c.h; path = bdsm_debug.h; sourceTree = "<group>"; };
		6F5AA07D1E934AAD00E40539 /* bdsm_common.h */ = {isa = PBXFileReference; lastKnownFileType = sourcecode.c.h; path = bdsm_common.h; sourceTree = "<group>"; };
		6F5AA07E1E934B2D00E40539 /* netbios_defs.h */ = {isa = PBXFileReference; lastKnownFileType = sourcecode.c.h; path = netbios_defs.h; sourceTree = "<group>"; };
		6F5AA07F1E934CFE00E40539 /* netbios_query.c */ = {isa = PBXFileReference; fileEncoding = 4; lastKnownFileType = sourcecode.c.c; path = netbios_query.c; sourceTree = "<group>"; };
		6F5AA0801E934CFE00E40539 /* netbios_query.h */ = {isa = PBXFileReference; fileEncoding = 4; lastKnownFileType = sourcecode.c.h; path = netbios_query.h; sourceTree = "<group>"; };
		6F5AA0821E934DF300E40539 /* netbios_utils.c */ = {isa = PBXFileReference; fileEncoding = 4; lastKnownFileType = sourcecode.c.c; path = netbios_utils.c; sourceTree = "<group>"; };
		6F5AA0831E934DF300E40539 /* netbios_utils.h */ = {isa = PBXFileReference; fileEncoding = 4; lastKnownFileType = sourcecode.c.h; path = netbios_utils.h; sourceTree = "<group>"; };
		6F5AA0851E934F0C00E40539 /* netbios_ns.c */ = {isa = PBXFileReference; fileEncoding = 4; lastKnownFileType = sourcecode.c.c; path = netbios_ns.c; sourceTree = "<group>"; };
		6F5AA0861E934F0C00E40539 /* netbios_ns.h */ = {isa = PBXFileReference; fileEncoding = 4; lastKnownFileType = sourcecode.c.h; path = netbios_ns.h; sourceTree = "<group>"; };
/* End PBXFileReference section */

/* Begin PBXFrameworksBuildPhase section */
		6F1F7ADB1E91EDF8007D518A /* Frameworks */ = {
			isa = PBXFrameworksBuildPhase;
			buildActionMask = 2147483647;
			files = (
			);
			runOnlyForDeploymentPostprocessing = 0;
		};
/* End PBXFrameworksBuildPhase section */

/* Begin PBXGroup section */
		6F1F7AD51E91EDF8007D518A = {
			isa = PBXGroup;
			children = (
				6F1F7AE01E91EDF8007D518A /* libdsm */,
				6F1F7ADF1E91EDF8007D518A /* Products */,
			);
			sourceTree = "<group>";
		};
		6F1F7ADF1E91EDF8007D518A /* Products */ = {
			isa = PBXGroup;
			children = (
				6F1F7ADE1E91EDF8007D518A /* libdsm.app */,
			);
			name = Products;
			sourceTree = "<group>";
		};
		6F1F7AE01E91EDF8007D518A /* libdsm */ = {
			isa = PBXGroup;
			children = (
				6F1F7B081E91F444007D518A /* core */,
				6F1F7AF81E91EE19007D518A /* model */,
				6F1F7AE41E91EDF8007D518A /* AppDelegate.h */,
				6F1F7AE51E91EDF8007D518A /* AppDelegate.m */,
				6F1F7AE71E91EDF8007D518A /* ViewController.h */,
				6F1F7AE81E91EDF8007D518A /* ViewController.m */,
				6F1F7AEA1E91EDF8007D518A /* Main.storyboard */,
				6F1F7AED1E91EDF8007D518A /* Assets.xcassets */,
				6F1F7AEF1E91EDF8007D518A /* LaunchScreen.storyboard */,
				6F1F7AF21E91EDF8007D518A /* Info.plist */,
				6F1F7AE11E91EDF8007D518A /* Supporting Files */,
			);
			path = libdsm;
			sourceTree = "<group>";
		};
		6F1F7AE11E91EDF8007D518A /* Supporting Files */ = {
			isa = PBXGroup;
			children = (
				6F1F7AE21E91EDF8007D518A /* main.m */,
			);
			name = "Supporting Files";
			sourceTree = "<group>";
		};
		6F1F7AF81E91EE19007D518A /* model */ = {
			isa = PBXGroup;
			children = (
				6F1F7B041E91F22B007D518A /* smbDiscovery */,
				6F1F7B001E91EE7D007D518A /* smbDevice */,
				6F1F7AFC1E91EE51007D518A /* smbClient */,
			);
			path = model;
			sourceTree = "<group>";
		};
		6F1F7AFC1E91EE51007D518A /* smbClient */ = {
			isa = PBXGroup;
			children = (
				6F1F7AFD1E91EE65007D518A /* smbClient.h */,
				6F1F7AFE1E91EE65007D518A /* smbClient.m */,
			);
			path = smbClient;
			sourceTree = "<group>";
		};
		6F1F7B001E91EE7D007D518A /* smbDevice */ = {
			isa = PBXGroup;
			children = (
				6F1F7B011E91EE8D007D518A /* smbDevice.h */,
				6F1F7B021E91EE8D007D518A /* smbDevice.m */,
			);
			path = smbDevice;
			sourceTree = "<group>";
		};
		6F1F7B041E91F22B007D518A /* smbDiscovery */ = {
			isa = PBXGroup;
			children = (
				6F1F7B051E91F241007D518A /* smbDiscovery.h */,
				6F1F7B061E91F241007D518A /* smbDiscovery.m */,
			);
			path = smbDiscovery;
			sourceTree = "<group>";
		};
		6F1F7B081E91F444007D518A /* core */ = {
			isa = PBXGroup;
			children = (
				6F1F7B1E1E92448D007D518A /* compat */,
				6F1F7B161E92275A007D518A /* conts */,
				6F1F7B091E91F46D007D518A /* netbios_ns */,
				6F1F7B121E9223B3007D518A /* netbios_query */,
				6F1F7B1A1E923A92007D518A /* netbios_utils */,
			);
			path = core;
			sourceTree = "<group>";
		};
		6F1F7B091E91F46D007D518A /* netbios_ns */ = {
			isa = PBXGroup;
			children = (
				6F5AA0851E934F0C00E40539 /* netbios_ns.c */,
				6F5AA0861E934F0C00E40539 /* netbios_ns.h */,
			);
			path = netbios_ns;
			sourceTree = "<group>";
		};
		6F1F7B121E9223B3007D518A /* netbios_query */ = {
			isa = PBXGroup;
			children = (
				6F5AA07F1E934CFE00E40539 /* netbios_query.c */,
				6F5AA0801E934CFE00E40539 /* netbios_query.h */,
			);
			path = netbios_query;
			sourceTree = "<group>";
		};
		6F1F7B161E92275A007D518A /* conts */ = {
			isa = PBXGroup;
			children = (
				6F5AA07B1E9342D500E40539 /* bdsm_debug.h */,
				6F5AA07D1E934AAD00E40539 /* bdsm_common.h */,
				6F5AA07E1E934B2D00E40539 /* netbios_defs.h */,
			);
			path = conts;
			sourceTree = "<group>";
		};
		6F1F7B1A1E923A92007D518A /* netbios_utils */ = {
			isa = PBXGroup;
			children = (
				6F5AA0821E934DF300E40539 /* netbios_utils.c */,
				6F5AA0831E934DF300E40539 /* netbios_utils.h */,
			);
			path = netbios_utils;
			sourceTree = "<group>";
		};
		6F1F7B1E1E92448D007D518A /* compat */ = {
			isa = PBXGroup;
			children = (
				6F5AA0781E933D5100E40539 /* compat.c */,
				6F5AA0791E933D5100E40539 /* compat.h */,
			);
			path = compat;
			sourceTree = "<group>";
		};
/* End PBXGroup section */

/* Begin PBXNativeTarget section */
		6F1F7ADD1E91EDF8007D518A /* libdsm */ = {
			isa = PBXNativeTarget;
			buildConfigurationList = 6F1F7AF51E91EDF8007D518A /* Build configuration list for PBXNativeTarget "libdsm" */;
			buildPhases = (
				6F1F7ADA1E91EDF8007D518A /* Sources */,
				6F1F7ADB1E91EDF8007D518A /* Frameworks */,
				6F1F7ADC1E91EDF8007D518A /* Resources */,
			);
			buildRules = (
			);
			dependencies = (
			);
			name = libdsm;
			productName = libdsm;
			productReference = 6F1F7ADE1E91EDF8007D518A /* libdsm.app */;
			productType = "com.apple.product-type.application";
		};
/* End PBXNativeTarget section */

/* Begin PBXProject section */
		6F1F7AD61E91EDF8007D518A /* Project object */ = {
			isa = PBXProject;
			attributes = {
				LastUpgradeCheck = 0830;
				ORGANIZATIONNAME = trekvn;
				TargetAttributes = {
					6F1F7ADD1E91EDF8007D518A = {
						CreatedOnToolsVersion = 8.3;
						DevelopmentTeam = 5934F7X3NB;
						ProvisioningStyle = Automatic;
					};
				};
			};
			buildConfigurationList = 6F1F7AD91E91EDF8007D518A /* Build configuration list for PBXProject "libdsm" */;
			compatibilityVersion = "Xcode 3.2";
			developmentRegion = English;
			hasScannedForEncodings = 0;
			knownRegions = (
				en,
				Base,
			);
			mainGroup = 6F1F7AD51E91EDF8007D518A;
			productRefGroup = 6F1F7ADF1E91EDF8007D518A /* Products */;
			projectDirPath = "";
			projectRoot = "";
			targets = (
				6F1F7ADD1E91EDF8007D518A /* libdsm */,
			);
		};
/* End PBXProject section */

/* Begin PBXResourcesBuildPhase section */
		6F1F7ADC1E91EDF8007D518A /* Resources */ = {
			isa = PBXResourcesBuildPhase;
			buildActionMask = 2147483647;
			files = (
				6F1F7AF11E91EDF8007D518A /* LaunchScreen.storyboard in Resources */,
				6F1F7AEE1E91EDF8007D518A /* Assets.xcassets in Resources */,
				6F1F7AEC1E91EDF8007D518A /* Main.storyboard in Resources */,
			);
			runOnlyForDeploymentPostprocessing = 0;
		};
/* End PBXResourcesBuildPhase section */

/* Begin PBXSourcesBuildPhase section */
		6F1F7ADA1E91EDF8007D518A /* Sources */ = {
			isa = PBXSourcesBuildPhase;
			buildActionMask = 2147483647;
			files = (
				6F1F7AE91E91EDF8007D518A /* ViewController.m in Sources */,
				6F5AA0811E934CFE00E40539 /* netbios_query.c in Sources */,
				6F1F7B071E91F241007D518A /* smbDiscovery.m in Sources */,
				6F1F7B031E91EE8D007D518A /* smbDevice.m in Sources */,
				6F5AA07A1E933D5100E40539 /* compat.c in Sources */,
				6F5AA0871E934F0C00E40539 /* netbios_ns.c in Sources */,
				6F1F7AE61E91EDF8007D518A /* AppDelegate.m in Sources */,
				6F1F7AE31E91EDF8007D518A /* main.m in Sources */,
				6F1F7AFF1E91EE65007D518A /* smbClient.m in Sources */,
				6F5AA0841E934DF300E40539 /* netbios_utils.c in Sources */,
			);
			runOnlyForDeploymentPostprocessing = 0;
		};
/* End PBXSourcesBuildPhase section */

/* Begin PBXVariantGroup section */
		6F1F7AEA1E91EDF8007D518A /* Main.storyboard */ = {
			isa = PBXVariantGroup;
			children = (
				6F1F7AEB1E91EDF8007D518A /* Base */,
			);
			name = Main.storyboard;
			sourceTree = "<group>";
		};
		6F1F7AEF1E91EDF8007D518A /* LaunchScreen.storyboard */ = {
			isa = PBXVariantGroup;
			children = (
				6F1F7AF01E91EDF8007D518A /* Base */,
			);
			name = LaunchScreen.storyboard;
			sourceTree = "<group>";
		};
/* End PBXVariantGroup section */

/* Begin XCBuildConfiguration section */
		6F1F7AF31E91EDF8007D518A /* Debug */ = {
			isa = XCBuildConfiguration;
			buildSettings = {
				ALWAYS_SEARCH_USER_PATHS = NO;
				CLANG_ANALYZER_NONNULL = YES;
				CLANG_ANALYZER_NUMBER_OBJECT_CONVERSION = YES_AGGRESSIVE;
				CLANG_CXX_LANGUAGE_STANDARD = "gnu++0x";
				CLANG_CXX_LIBRARY = "libc++";
				CLANG_ENABLE_MODULES = YES;
				CLANG_ENABLE_OBJC_ARC = YES;
				CLANG_WARN_BOOL_CONVERSION = YES;
				CLANG_WARN_CONSTANT_CONVERSION = YES;
				CLANG_WARN_DIRECT_OBJC_ISA_USAGE = YES_ERROR;
				CLANG_WARN_DOCUMENTATION_COMMENTS = YES;
				CLANG_WARN_EMPTY_BODY = YES;
				CLANG_WARN_ENUM_CONVERSION = YES;
				CLANG_WARN_INFINITE_RECURSION = YES;
				CLANG_WARN_INT_CONVERSION = YES;
				CLANG_WARN_OBJC_ROOT_CLASS = YES_ERROR;
				CLANG_WARN_SUSPICIOUS_MOVE = YES;
				CLANG_WARN_UNREACHABLE_CODE = YES;
				CLANG_WARN__DUPLICATE_METHOD_MATCH = YES;
				"CODE_SIGN_IDENTITY[sdk=iphoneos*]" = "iPhone Developer";
				COPY_PHASE_STRIP = NO;
				DEBUG_INFORMATION_FORMAT = dwarf;
				ENABLE_STRICT_OBJC_MSGSEND = YES;
				ENABLE_TESTABILITY = YES;
				GCC_C_LANGUAGE_STANDARD = gnu99;
				GCC_DYNAMIC_NO_PIC = NO;
				GCC_NO_COMMON_BLOCKS = YES;
				GCC_OPTIMIZATION_LEVEL = 0;
				GCC_PREPROCESSOR_DEFINITIONS = (
					"DEBUG=1",
					"$(inherited)",
				);
				GCC_WARN_64_TO_32_BIT_CONVERSION = YES;
				GCC_WARN_ABOUT_RETURN_TYPE = YES_ERROR;
				GCC_WARN_UNDECLARED_SELECTOR = YES;
				GCC_WARN_UNINITIALIZED_AUTOS = YES_AGGRESSIVE;
				GCC_WARN_UNUSED_FUNCTION = YES;
				GCC_WARN_UNUSED_VARIABLE = YES;
				IPHONEOS_DEPLOYMENT_TARGET = 10.3;
				MTL_ENABLE_DEBUG_INFO = YES;
				ONLY_ACTIVE_ARCH = YES;
				SDKROOT = iphoneos;
			};
			name = Debug;
		};
		6F1F7AF41E91EDF8007D518A /* Release */ = {
			isa = XCBuildConfiguration;
			buildSettings = {
				ALWAYS_SEARCH_USER_PATHS = NO;
				CLANG_ANALYZER_NONNULL = YES;
				CLANG_ANALYZER_NUMBER_OBJECT_CONVERSION = YES_AGGRESSIVE;
				CLANG_CXX_LANGUAGE_STANDARD = "gnu++0x";
				CLANG_CXX_LIBRARY = "libc++";
				CLANG_ENABLE_MODULES = YES;
				CLANG_ENABLE_OBJC_ARC = YES;
				CLANG_WARN_BOOL_CONVERSION = YES;
				CLANG_WARN_CONSTANT_CONVERSION = YES;
				CLANG_WARN_DIRECT_OBJC_ISA_USAGE = YES_ERROR;
				CLANG_WARN_DOCUMENTATION_COMMENTS = YES;
				CLANG_WARN_EMPTY_BODY = YES;
				CLANG_WARN_ENUM_CONVERSION = YES;
				CLANG_WARN_INFINITE_RECURSION = YES;
				CLANG_WARN_INT_CONVERSION = YES;
				CLANG_WARN_OBJC_ROOT_CLASS = YES_ERROR;
				CLANG_WARN_SUSPICIOUS_MOVE = YES;
				CLANG_WARN_UNREACHABLE_CODE = YES;
				CLANG_WARN__DUPLICATE_METHOD_MATCH = YES;
				"CODE_SIGN_IDENTITY[sdk=iphoneos*]" = "iPhone Developer";
				COPY_PHASE_STRIP = NO;
				DEBUG_INFORMATION_FORMAT = "dwarf-with-dsym";
				ENABLE_NS_ASSERTIONS = NO;
				ENABLE_STRICT_OBJC_MSGSEND = YES;
				GCC_C_LANGUAGE_STANDARD = gnu99;
				GCC_NO_COMMON_BLOCKS = YES;
				GCC_WARN_64_TO_32_BIT_CONVERSION = YES;
				GCC_WARN_ABOUT_RETURN_TYPE = YES_ERROR;
				GCC_WARN_UNDECLARED_SELECTOR = YES;
				GCC_WARN_UNINITIALIZED_AUTOS = YES_AGGRESSIVE;
				GCC_WARN_UNUSED_FUNCTION = YES;
				GCC_WARN_UNUSED_VARIABLE = YES;
				IPHONEOS_DEPLOYMENT_TARGET = 10.3;
				MTL_ENABLE_DEBUG_INFO = NO;
				SDKROOT = iphoneos;
				VALIDATE_PRODUCT = YES;
			};
			name = Release;
		};
		6F1F7AF61E91EDF8007D518A /* Debug */ = {
			isa = XCBuildConfiguration;
			buildSettings = {
				ASSETCATALOG_COMPILER_APPICON_NAME = AppIcon;
				DEVELOPMENT_TEAM = 5934F7X3NB;
				INFOPLIST_FILE = libdsm/Info.plist;
				IPHONEOS_DEPLOYMENT_TARGET = 8.0;
				LD_RUNPATH_SEARCH_PATHS = "$(inherited) @executable_path/Frameworks";
				PRODUCT_BUNDLE_IDENTIFIER = trekvn.libdsm;
				PRODUCT_NAME = "$(TARGET_NAME)";
			};
			name = Debug;
		};
		6F1F7AF71E91EDF8007D518A /* Release */ = {
			isa = XCBuildConfiguration;
			buildSettings = {
				ASSETCATALOG_COMPILER_APPICON_NAME = AppIcon;
				DEVELOPMENT_TEAM = 5934F7X3NB;
				INFOPLIST_FILE = libdsm/Info.plist;
				IPHONEOS_DEPLOYMENT_TARGET = 8.0;
				LD_RUNPATH_SEARCH_PATHS = "$(inherited) @executable_path/Frameworks";
				PRODUCT_BUNDLE_IDENTIFIER = trekvn.libdsm;
				PRODUCT_NAME = "$(TARGET_NAME)";
			};
			name = Release;
		};
/* End XCBuildConfiguration section */

/* Begin XCConfigurationList section */
		6F1F7AD91E91EDF8007D518A /* Build configuration list for PBXProject "libdsm" */ = {
			isa = XCConfigurationList;
			buildConfigurations = (
				6F1F7AF31E91EDF8007D518A /* Debug */,
				6F1F7AF41E91EDF8007D518A /* Release */,
			);
			defaultConfigurationIsVisible = 0;
			defaultConfigurationName = Release;
		};
		6F1F7AF51E91EDF8007D518A /* Build configuration list for PBXNativeTarget "libdsm" */ = {
			isa = XCConfigurationList;
			buildConfigurations = (
				6F1F7AF61E91EDF8007D518A /* Debug */,
				6F1F7AF71E91EDF8007D518A /* Release */,
			);
			defaultConfigurationIsVisible = 0;
			defaultConfigurationName = Release;
		};
/* End XCConfigurationList section */
	};
	rootObject = 6F1F7AD61E91EDF8007D518A /* Project object */;
}
